// !$*UTF8*$!
{
	archiveVersion = 1;
	classes = {
	};
	objectVersion = 46;
	objects = {

/* Begin PBXBuildFile section */
		36539BCA1C93E441007B43D0 /* main.m in Sources */ = {isa = PBXBuildFile; fileRef = 36539BC91C93E441007B43D0 /* main.m */; };
		36539BCD1C93E441007B43D0 /* AppDelegate.m in Sources */ = {isa = PBXBuildFile; fileRef = 36539BCC1C93E441007B43D0 /* AppDelegate.m */; };
		36539BD01C93E441007B43D0 /* ViewController.m in Sources */ = {isa = PBXBuildFile; fileRef = 36539BCF1C93E441007B43D0 /* ViewController.m */; };
		36539BD31C93E441007B43D0 /* Main.storyboard in Resources */ = {isa = PBXBuildFile; fileRef = 36539BD11C93E441007B43D0 /* Main.storyboard */; };
		36539BD51C93E442007B43D0 /* Assets.xcassets in Resources */ = {isa = PBXBuildFile; fileRef = 36539BD41C93E442007B43D0 /* Assets.xcassets */; };
		36539BD81C93E442007B43D0 /* LaunchScreen.storyboard in Resources */ = {isa = PBXBuildFile; fileRef = 36539BD61C93E442007B43D0 /* LaunchScreen.storyboard */; };
		36539BE31C93E442007B43D0 /* NewUnionTestTests.m in Sources */ = {isa = PBXBuildFile; fileRef = 36539BE21C93E442007B43D0 /* NewUnionTestTests.m */; };
		36539BEE1C93E442007B43D0 /* NewUnionTestUITests.m in Sources */ = {isa = PBXBuildFile; fileRef = 36539BED1C93E442007B43D0 /* NewUnionTestUITests.m */; };
		36539BFD1C93EC44007B43D0 /* NUUtils.m in Sources */ = {isa = PBXBuildFile; fileRef = 36539BFC1C93EC44007B43D0 /* NUUtils.m */; };
		36539C011C93EC7B007B43D0 /* NUConnectionBase.m in Sources */ = {isa = PBXBuildFile; fileRef = 36539C001C93EC7B007B43D0 /* NUConnectionBase.m */; };
		36539C051C93EC97007B43D0 /* Reachability.m in Sources */ = {isa = PBXBuildFile; fileRef = 36539C041C93EC97007B43D0 /* Reachability.m */; };
		36539C081C93EE43007B43D0 /* NUAPI.m in Sources */ = {isa = PBXBuildFile; fileRef = 36539C071C93EE43007B43D0 /* NUAPI.m */; };
		36539C0B1C93EE87007B43D0 /* NULoginViewController.m in Sources */ = {isa = PBXBuildFile; fileRef = 36539C0A1C93EE87007B43D0 /* NULoginViewController.m */; };
		36539C0F1C93EEB3007B43D0 /* NURegisterViewController.m in Sources */ = {isa = PBXBuildFile; fileRef = 36539C0E1C93EEB3007B43D0 /* NURegisterViewController.m */; };
		36539C121C93EEC5007B43D0 /* NUListUserViewController.m in Sources */ = {isa = PBXBuildFile; fileRef = 36539C111C93EEC5007B43D0 /* NUListUserViewController.m */; };
		36539C151C93EF02007B43D0 /* NUAPI+Login.m in Sources */ = {isa = PBXBuildFile; fileRef = 36539C141C93EF02007B43D0 /* NUAPI+Login.m */; };
		36539C181C93EF1E007B43D0 /* NUAPI+CreateUser.m in Sources */ = {isa = PBXBuildFile; fileRef = 36539C171C93EF1E007B43D0 /* NUAPI+CreateUser.m */; };
		36539C1B1C93EF35007B43D0 /* NUAPI+ListUser.m in Sources */ = {isa = PBXBuildFile; fileRef = 36539C1A1C93EF35007B43D0 /* NUAPI+ListUser.m */; };
		368788B51C945ADA00F21F54 /* UIKit.framework in Frameworks */ = {isa = PBXBuildFile; fileRef = 368788B41C945ADA00F21F54 /* UIKit.framework */; };
		368788B71C945AE200F21F54 /* Foundation.framework in Frameworks */ = {isa = PBXBuildFile; fileRef = 368788B61C945AE200F21F54 /* Foundation.framework */; };
		36E1490E1C95191F00540B0C /* NSString+Utils.m in Sources */ = {isa = PBXBuildFile; fileRef = 36E1490D1C95191F00540B0C /* NSString+Utils.m */; };
		36E149111C9536AC00540B0C /* NUUser.m in Sources */ = {isa = PBXBuildFile; fileRef = 36E149101C9536AC00540B0C /* NUUser.m */; };
		36E149151C953D1000540B0C /* JGAFImageCache.m in Sources */ = {isa = PBXBuildFile; fileRef = 36E149141C953D1000540B0C /* JGAFImageCache.m */; };
		36E149191C953FAB00540B0C /* NSDictionary+NotNullValue.m in Sources */ = {isa = PBXBuildFile; fileRef = 36E149181C953FAB00540B0C /* NSDictionary+NotNullValue.m */; };
		36E1491D1C95716E00540B0C /* MBProgressHUD.m in Sources */ = {isa = PBXBuildFile; fileRef = 36E1491C1C95716E00540B0C /* MBProgressHUD.m */; };
		36E149201C95721200540B0C /* NUCommonViewController.m in Sources */ = {isa = PBXBuildFile; fileRef = 36E1491F1C95721200540B0C /* NUCommonViewController.m */; };
/* End PBXBuildFile section */

/* Begin PBXContainerItemProxy section */
		36539BDF1C93E442007B43D0 /* PBXContainerItemProxy */ = {
			isa = PBXContainerItemProxy;
			containerPortal = 36539BBD1C93E441007B43D0 /* Project object */;
			proxyType = 1;
			remoteGlobalIDString = 36539BC41C93E441007B43D0;
			remoteInfo = NewUnionTest;
		};
		36539BEA1C93E442007B43D0 /* PBXContainerItemProxy */ = {
			isa = PBXContainerItemProxy;
			containerPortal = 36539BBD1C93E441007B43D0 /* Project object */;
			proxyType = 1;
			remoteGlobalIDString = 36539BC41C93E441007B43D0;
			remoteInfo = NewUnionTest;
		};
/* End PBXContainerItemProxy section */

/* Begin PBXFileReference section */
		36539BC51C93E441007B43D0 /* NewUnionTest.app */ = {isa = PBXFileReference; explicitFileType = wrapper.application; includeInIndex = 0; path = NewUnionTest.app; sourceTree = BUILT_PRODUCTS_DIR; };
		36539BC91C93E441007B43D0 /* main.m */ = {isa = PBXFileReference; lastKnownFileType = sourcecode.c.objc; path = main.m; sourceTree = "<group>"; };
		36539BCB1C93E441007B43D0 /* AppDelegate.h */ = {isa = PBXFileReference; lastKnownFileType = sourcecode.c.h; path = AppDelegate.h; sourceTree = "<group>"; };
		36539BCC1C93E441007B43D0 /* AppDelegate.m */ = {isa = PBXFileReference; lastKnownFileType = sourcecode.c.objc; path = AppDelegate.m; sourceTree = "<group>"; };
		36539BCE1C93E441007B43D0 /* ViewController.h */ = {isa = PBXFileReference; lastKnownFileType = sourcecode.c.h; path = ViewController.h; sourceTree = "<group>"; };
		36539BCF1C93E441007B43D0 /* ViewController.m */ = {isa = PBXFileReference; lastKnownFileType = sourcecode.c.objc; path = ViewController.m; sourceTree = "<group>"; };
		36539BD21C93E441007B43D0 /* Base */ = {isa = PBXFileReference; lastKnownFileType = file.storyboard; name = Base; path = Base.lproj/Main.storyboard; sourceTree = "<group>"; };
		36539BD41C93E442007B43D0 /* Assets.xcassets */ = {isa = PBXFileReference; lastKnownFileType = folder.assetcatalog; path = Assets.xcassets; sourceTree = "<group>"; };
		36539BD71C93E442007B43D0 /* Base */ = {isa = PBXFileReference; lastKnownFileType = file.storyboard; name = Base; path = Base.lproj/LaunchScreen.storyboard; sourceTree = "<group>"; };
		36539BD91C93E442007B43D0 /* Info.plist */ = {isa = PBXFileReference; lastKnownFileType = text.plist.xml; path = Info.plist; sourceTree = "<group>"; };
		36539BDE1C93E442007B43D0 /* NewUnionTestTests.xctest */ = {isa = PBXFileReference; explicitFileType = wrapper.cfbundle; includeInIndex = 0; path = NewUnionTestTests.xctest; sourceTree = BUILT_PRODUCTS_DIR; };
		36539BE21C93E442007B43D0 /* NewUnionTestTests.m */ = {isa = PBXFileReference; lastKnownFileType = sourcecode.c.objc; path = NewUnionTestTests.m; sourceTree = "<group>"; };
		36539BE41C93E442007B43D0 /* Info.plist */ = {isa = PBXFileReference; lastKnownFileType = text.plist.xml; path = Info.plist; sourceTree = "<group>"; };
		36539BE91C93E442007B43D0 /* NewUnionTestUITests.xctest */ = {isa = PBXFileReference; explicitFileType = wrapper.cfbundle; includeInIndex = 0; path = NewUnionTestUITests.xctest; sourceTree = BUILT_PRODUCTS_DIR; };
		36539BED1C93E442007B43D0 /* NewUnionTestUITests.m */ = {isa = PBXFileReference; lastKnownFileType = sourcecode.c.objc; path = NewUnionTestUITests.m; sourceTree = "<group>"; };
		36539BEF1C93E442007B43D0 /* Info.plist */ = {isa = PBXFileReference; lastKnownFileType = text.plist.xml; path = Info.plist; sourceTree = "<group>"; };
		36539BFB1C93EC44007B43D0 /* NUUtils.h */ = {isa = PBXFileReference; fileEncoding = 4; lastKnownFileType = sourcecode.c.h; name = NUUtils.h; path = Utils/NUUtils.h; sourceTree = "<group>"; };
		36539BFC1C93EC44007B43D0 /* NUUtils.m */ = {isa = PBXFileReference; fileEncoding = 4; lastKnownFileType = sourcecode.c.objc; name = NUUtils.m; path = Utils/NUUtils.m; sourceTree = "<group>"; };
		36539BFF1C93EC7B007B43D0 /* NUConnectionBase.h */ = {isa = PBXFileReference; fileEncoding = 4; lastKnownFileType = sourcecode.c.h; name = NUConnectionBase.h; path = Connections/NUConnectionBase.h; sourceTree = "<group>"; };
		36539C001C93EC7B007B43D0 /* NUConnectionBase.m */ = {isa = PBXFileReference; fileEncoding = 4; lastKnownFileType = sourcecode.c.objc; name = NUConnectionBase.m; path = Connections/NUConnectionBase.m; sourceTree = "<group>"; };
		36539C031C93EC97007B43D0 /* Reachability.h */ = {isa = PBXFileReference; fileEncoding = 4; lastKnownFileType = sourcecode.c.h; name = Reachability.h; path = Connections/Reachability.h; sourceTree = "<group>"; };
		36539C041C93EC97007B43D0 /* Reachability.m */ = {isa = PBXFileReference; fileEncoding = 4; lastKnownFileType = sourcecode.c.objc; name = Reachability.m; path = Connections/Reachability.m; sourceTree = "<group>"; };
		36539C061C93EE43007B43D0 /* NUAPI.h */ = {isa = PBXFileReference; fileEncoding = 4; lastKnownFileType = sourcecode.c.h; name = NUAPI.h; path = Connections/NUAPI.h; sourceTree = "<group>"; };
		36539C071C93EE43007B43D0 /* NUAPI.m */ = {isa = PBXFileReference; fileEncoding = 4; lastKnownFileType = sourcecode.c.objc; name = NUAPI.m; path = Connections/NUAPI.m; sourceTree = "<group>"; };
		36539C091C93EE87007B43D0 /* NULoginViewController.h */ = {isa = PBXFileReference; fileEncoding = 4; lastKnownFileType = sourcecode.c.h; name = NULoginViewController.h; path = ViewControllers/NULoginViewController.h; sourceTree = "<group>"; };
		36539C0A1C93EE87007B43D0 /* NULoginViewController.m */ = {isa = PBXFileReference; fileEncoding = 4; lastKnownFileType = sourcecode.c.objc; name = NULoginViewController.m; path = ViewControllers/NULoginViewController.m; sourceTree = "<group>"; };
		36539C0D1C93EEB3007B43D0 /* NURegisterViewController.h */ = {isa = PBXFileReference; fileEncoding = 4; lastKnownFileType = sourcecode.c.h; name = NURegisterViewController.h; path = ViewControllers/NURegisterViewController.h; sourceTree = "<group>"; };
		36539C0E1C93EEB3007B43D0 /* NURegisterViewController.m */ = {isa = PBXFileReference; fileEncoding = 4; lastKnownFileType = sourcecode.c.objc; name = NURegisterViewController.m; path = ViewControllers/NURegisterViewController.m; sourceTree = "<group>"; };
		36539C101C93EEC5007B43D0 /* NUListUserViewController.h */ = {isa = PBXFileReference; fileEncoding = 4; lastKnownFileType = sourcecode.c.h; name = NUListUserViewController.h; path = ViewControllers/NUListUserViewController.h; sourceTree = "<group>"; };
		36539C111C93EEC5007B43D0 /* NUListUserViewController.m */ = {isa = PBXFileReference; fileEncoding = 4; lastKnownFileType = sourcecode.c.objc; name = NUListUserViewController.m; path = ViewControllers/NUListUserViewController.m; sourceTree = "<group>"; };
		36539C131C93EF02007B43D0 /* NUAPI+Login.h */ = {isa = PBXFileReference; fileEncoding = 4; lastKnownFileType = sourcecode.c.h; name = "NUAPI+Login.h"; path = "Connections/NUAPI+Login.h"; sourceTree = "<group>"; };
		36539C141C93EF02007B43D0 /* NUAPI+Login.m */ = {isa = PBXFileReference; fileEncoding = 4; lastKnownFileType = sourcecode.c.objc; name = "NUAPI+Login.m"; path = "Connections/NUAPI+Login.m"; sourceTree = "<group>"; };
		36539C161C93EF1E007B43D0 /* NUAPI+CreateUser.h */ = {isa = PBXFileReference; fileEncoding = 4; lastKnownFileType = sourcecode.c.h; name = "NUAPI+CreateUser.h"; path = "Connections/NUAPI+CreateUser.h"; sourceTree = "<group>"; };
		36539C171C93EF1E007B43D0 /* NUAPI+CreateUser.m */ = {isa = PBXFileReference; fileEncoding = 4; lastKnownFileType = sourcecode.c.objc; name = "NUAPI+CreateUser.m"; path = "Connections/NUAPI+CreateUser.m"; sourceTree = "<group>"; };
		36539C191C93EF35007B43D0 /* NUAPI+ListUser.h */ = {isa = PBXFileReference; fileEncoding = 4; lastKnownFileType = sourcecode.c.h; name = "NUAPI+ListUser.h"; path = "Connections/NUAPI+ListUser.h"; sourceTree = "<group>"; };
		36539C1A1C93EF35007B43D0 /* NUAPI+ListUser.m */ = {isa = PBXFileReference; fileEncoding = 4; lastKnownFileType = sourcecode.c.objc; name = "NUAPI+ListUser.m"; path = "Connections/NUAPI+ListUser.m"; sourceTree = "<group>"; };
		368788B31C9459AF00F21F54 /* NUConstants.h */ = {isa = PBXFileReference; lastKnownFileType = sourcecode.c.h; path = NUConstants.h; sourceTree = "<group>"; };
		368788B41C945ADA00F21F54 /* UIKit.framework */ = {isa = PBXFileReference; lastKnownFileType = wrapper.framework; name = UIKit.framework; path = System/Library/Frameworks/UIKit.framework; sourceTree = SDKROOT; };
		368788B61C945AE200F21F54 /* Foundation.framework */ = {isa = PBXFileReference; lastKnownFileType = wrapper.framework; name = Foundation.framework; path = System/Library/Frameworks/Foundation.framework; sourceTree = SDKROOT; };
		36E1490B1C9514C900540B0C /* NewUnionTest-Prefix.pch */ = {isa = PBXFileReference; lastKnownFileType = sourcecode.c.h; path = "NewUnionTest-Prefix.pch"; sourceTree = "<group>"; };
		36E1490C1C95191F00540B0C /* NSString+Utils.h */ = {isa = PBXFileReference; fileEncoding = 4; lastKnownFileType = sourcecode.c.h; name = "NSString+Utils.h"; path = "Utils/NSString+Utils.h"; sourceTree = "<group>"; };
		36E1490D1C95191F00540B0C /* NSString+Utils.m */ = {isa = PBXFileReference; fileEncoding = 4; lastKnownFileType = sourcecode.c.objc; name = "NSString+Utils.m"; path = "Utils/NSString+Utils.m"; sourceTree = "<group>"; };
		36E1490F1C9536AC00540B0C /* NUUser.h */ = {isa = PBXFileReference; fileEncoding = 4; lastKnownFileType = sourcecode.c.h; name = NUUser.h; path = Models/NUUser.h; sourceTree = "<group>"; };
		36E149101C9536AC00540B0C /* NUUser.m */ = {isa = PBXFileReference; fileEncoding = 4; lastKnownFileType = sourcecode.c.objc; name = NUUser.m; path = Models/NUUser.m; sourceTree = "<group>"; };
		36E149131C953D1000540B0C /* JGAFImageCache.h */ = {isa = PBXFileReference; fileEncoding = 4; lastKnownFileType = sourcecode.c.h; name = JGAFImageCache.h; path = Libraries/JGAFImageCache.h; sourceTree = "<group>"; };
		36E149141C953D1000540B0C /* JGAFImageCache.m */ = {isa = PBXFileReference; fileEncoding = 4; lastKnownFileType = sourcecode.c.objc; name = JGAFImageCache.m; path = Libraries/JGAFImageCache.m; sourceTree = "<group>"; };
		36E149171C953FAB00540B0C /* NSDictionary+NotNullValue.h */ = {isa = PBXFileReference; fileEncoding = 4; lastKnownFileType = sourcecode.c.h; name = "NSDictionary+NotNullValue.h"; path = "Utils/NSDictionary+NotNullValue.h"; sourceTree = "<group>"; };
		36E149181C953FAB00540B0C /* NSDictionary+NotNullValue.m */ = {isa = PBXFileReference; fileEncoding = 4; lastKnownFileType = sourcecode.c.objc; name = "NSDictionary+NotNullValue.m"; path = "Utils/NSDictionary+NotNullValue.m"; sourceTree = "<group>"; };
		36E1491B1C95716E00540B0C /* MBProgressHUD.h */ = {isa = PBXFileReference; fileEncoding = 4; lastKnownFileType = sourcecode.c.h; name = MBProgressHUD.h; path = Libraries/MBProgressHUD/MBProgressHUD.h; sourceTree = "<group>"; };
		36E1491C1C95716E00540B0C /* MBProgressHUD.m */ = {isa = PBXFileReference; fileEncoding = 4; lastKnownFileType = sourcecode.c.objc; name = MBProgressHUD.m; path = Libraries/MBProgressHUD/MBProgressHUD.m; sourceTree = "<group>"; };
		36E1491E1C95721200540B0C /* NUCommonViewController.h */ = {isa = PBXFileReference; fileEncoding = 4; lastKnownFileType = sourcecode.c.h; name = NUCommonViewController.h; path = ViewControllers/NUCommonViewController.h; sourceTree = "<group>"; };
		36E1491F1C95721200540B0C /* NUCommonViewController.m */ = {isa = PBXFileReference; fileEncoding = 4; lastKnownFileType = sourcecode.c.objc; name = NUCommonViewController.m; path = ViewControllers/NUCommonViewController.m; sourceTree = "<group>"; };
/* End PBXFileReference section */

/* Begin PBXFrameworksBuildPhase section */
		36539BC21C93E441007B43D0 /* Frameworks */ = {
			isa = PBXFrameworksBuildPhase;
			buildActionMask = 2147483647;
			files = (
				368788B71C945AE200F21F54 /* Foundation.framework in Frameworks */,
				368788B51C945ADA00F21F54 /* UIKit.framework in Frameworks */,
			);
			runOnlyForDeploymentPostprocessing = 0;
		};
		36539BDB1C93E442007B43D0 /* Frameworks */ = {
			isa = PBXFrameworksBuildPhase;
			buildActionMask = 2147483647;
			files = (
			);
			runOnlyForDeploymentPostprocessing = 0;
		};
		36539BE61C93E442007B43D0 /* Frameworks */ = {
			isa = PBXFrameworksBuildPhase;
			buildActionMask = 2147483647;
			files = (
			);
			runOnlyForDeploymentPostprocessing = 0;
		};
/* End PBXFrameworksBuildPhase section */

/* Begin PBXGroup section */
		36539BBC1C93E441007B43D0 = {
			isa = PBXGroup;
			children = (
				368788B81C945AE800F21F54 /* Frameworks */,
				36539BC71C93E441007B43D0 /* NewUnionTest */,
				36539BE11C93E442007B43D0 /* NewUnionTestTests */,
				36539BEC1C93E442007B43D0 /* NewUnionTestUITests */,
				36539BC61C93E441007B43D0 /* Products */,
			);
			sourceTree = "<group>";
		};
		36539BC61C93E441007B43D0 /* Products */ = {
			isa = PBXGroup;
			children = (
				36539BC51C93E441007B43D0 /* NewUnionTest.app */,
				36539BDE1C93E442007B43D0 /* NewUnionTestTests.xctest */,
				36539BE91C93E442007B43D0 /* NewUnionTestUITests.xctest */,
			);
			name = Products;
			sourceTree = "<group>";
		};
		36539BC71C93E441007B43D0 /* NewUnionTest */ = {
			isa = PBXGroup;
			children = (
				36539BFE1C93EC4F007B43D0 /* Utils */,
				36539C021C93EC85007B43D0 /* Connections */,
				36539C0C1C93EE92007B43D0 /* ViewControllers */,
				36E149121C953C6F00540B0C /* Models */,
				36E149161C953D1400540B0C /* Libraries */,
				36539BCB1C93E441007B43D0 /* AppDelegate.h */,
				36539BCC1C93E441007B43D0 /* AppDelegate.m */,
				36539BCE1C93E441007B43D0 /* ViewController.h */,
				36539BCF1C93E441007B43D0 /* ViewController.m */,
				36539BD11C93E441007B43D0 /* Main.storyboard */,
				36539BD41C93E442007B43D0 /* Assets.xcassets */,
				36539BD61C93E442007B43D0 /* LaunchScreen.storyboard */,
				36539BD91C93E442007B43D0 /* Info.plist */,
				36539BC81C93E441007B43D0 /* Supporting Files */,
			);
			path = NewUnionTest;
			sourceTree = "<group>";
		};
		36539BC81C93E441007B43D0 /* Supporting Files */ = {
			isa = PBXGroup;
			children = (
				36539BC91C93E441007B43D0 /* main.m */,
				36E1490B1C9514C900540B0C /* NewUnionTest-Prefix.pch */,
			);
			name = "Supporting Files";
			sourceTree = "<group>";
		};
		36539BE11C93E442007B43D0 /* NewUnionTestTests */ = {
			isa = PBXGroup;
			children = (
				36539BE21C93E442007B43D0 /* NewUnionTestTests.m */,
				36539BE41C93E442007B43D0 /* Info.plist */,
			);
			path = NewUnionTestTests;
			sourceTree = "<group>";
		};
		36539BEC1C93E442007B43D0 /* NewUnionTestUITests */ = {
			isa = PBXGroup;
			children = (
				36539BED1C93E442007B43D0 /* NewUnionTestUITests.m */,
				36539BEF1C93E442007B43D0 /* Info.plist */,
			);
			path = NewUnionTestUITests;
			sourceTree = "<group>";
		};
		36539BFE1C93EC4F007B43D0 /* Utils */ = {
			isa = PBXGroup;
			children = (
				36539BFB1C93EC44007B43D0 /* NUUtils.h */,
				36539BFC1C93EC44007B43D0 /* NUUtils.m */,
				368788B31C9459AF00F21F54 /* NUConstants.h */,
				36E1490C1C95191F00540B0C /* NSString+Utils.h */,
				36E1490D1C95191F00540B0C /* NSString+Utils.m */,
				36E149171C953FAB00540B0C /* NSDictionary+NotNullValue.h */,
				36E149181C953FAB00540B0C /* NSDictionary+NotNullValue.m */,
			);
			name = Utils;
			sourceTree = "<group>";
		};
		36539C021C93EC85007B43D0 /* Connections */ = {
			isa = PBXGroup;
			children = (
				36539C031C93EC97007B43D0 /* Reachability.h */,
				36539C041C93EC97007B43D0 /* Reachability.m */,
				36539BFF1C93EC7B007B43D0 /* NUConnectionBase.h */,
				36539C001C93EC7B007B43D0 /* NUConnectionBase.m */,
				36539C061C93EE43007B43D0 /* NUAPI.h */,
				36539C071C93EE43007B43D0 /* NUAPI.m */,
				36539C1C1C93EF3D007B43D0 /* SubApis */,
			);
			name = Connections;
			sourceTree = "<group>";
		};
		36539C0C1C93EE92007B43D0 /* ViewControllers */ = {
			isa = PBXGroup;
			children = (
				36539C091C93EE87007B43D0 /* NULoginViewController.h */,
				36539C0A1C93EE87007B43D0 /* NULoginViewController.m */,
				36539C0D1C93EEB3007B43D0 /* NURegisterViewController.h */,
				36539C0E1C93EEB3007B43D0 /* NURegisterViewController.m */,
				36539C101C93EEC5007B43D0 /* NUListUserViewController.h */,
				36539C111C93EEC5007B43D0 /* NUListUserViewController.m */,
				36E1491E1C95721200540B0C /* NUCommonViewController.h */,
				36E1491F1C95721200540B0C /* NUCommonViewController.m */,
			);
			name = ViewControllers;
			sourceTree = "<group>";
		};
		36539C1C1C93EF3D007B43D0 /* SubApis */ = {
			isa = PBXGroup;
			children = (
				36539C131C93EF02007B43D0 /* NUAPI+Login.h */,
				36539C141C93EF02007B43D0 /* NUAPI+Login.m */,
				36539C161C93EF1E007B43D0 /* NUAPI+CreateUser.h */,
				36539C171C93EF1E007B43D0 /* NUAPI+CreateUser.m */,
				36539C191C93EF35007B43D0 /* NUAPI+ListUser.h */,
				36539C1A1C93EF35007B43D0 /* NUAPI+ListUser.m */,
			);
			name = SubApis;
			sourceTree = "<group>";
		};
		368788B81C945AE800F21F54 /* Frameworks */ = {
			isa = PBXGroup;
			children = (
				368788B61C945AE200F21F54 /* Foundation.framework */,
				368788B41C945ADA00F21F54 /* UIKit.framework */,
			);
			name = Frameworks;
			sourceTree = "<group>";
		};
		36E149121C953C6F00540B0C /* Models */ = {
			isa = PBXGroup;
			children = (
				36E1490F1C9536AC00540B0C /* NUUser.h */,
				36E149101C9536AC00540B0C /* NUUser.m */,
			);
			name = Models;
			sourceTree = "<group>";
		};
		36E149161C953D1400540B0C /* Libraries */ = {
			isa = PBXGroup;
			children = (
				36E1491A1C95716200540B0C /* MBProgressHUD */,
				36E149131C953D1000540B0C /* JGAFImageCache.h */,
				36E149141C953D1000540B0C /* JGAFImageCache.m */,
			);
			name = Libraries;
			sourceTree = "<group>";
		};
		36E1491A1C95716200540B0C /* MBProgressHUD */ = {
			isa = PBXGroup;
			children = (
				36E1491B1C95716E00540B0C /* MBProgressHUD.h */,
				36E1491C1C95716E00540B0C /* MBProgressHUD.m */,
			);
			name = MBProgressHUD;
			sourceTree = "<group>";
		};
/* End PBXGroup section */

/* Begin PBXNativeTarget section */
		36539BC41C93E441007B43D0 /* NewUnionTest */ = {
			isa = PBXNativeTarget;
			buildConfigurationList = 36539BF21C93E442007B43D0 /* Build configuration list for PBXNativeTarget "NewUnionTest" */;
			buildPhases = (
				36539BC11C93E441007B43D0 /* Sources */,
				36539BC21C93E441007B43D0 /* Frameworks */,
				36539BC31C93E441007B43D0 /* Resources */,
			);
			buildRules = (
			);
			dependencies = (
			);
			name = NewUnionTest;
			productName = NewUnionTest;
			productReference = 36539BC51C93E441007B43D0 /* NewUnionTest.app */;
			productType = "com.apple.product-type.application";
		};
		36539BDD1C93E442007B43D0 /* NewUnionTestTests */ = {
			isa = PBXNativeTarget;
			buildConfigurationList = 36539BF51C93E442007B43D0 /* Build configuration list for PBXNativeTarget "NewUnionTestTests" */;
			buildPhases = (
				36539BDA1C93E442007B43D0 /* Sources */,
				36539BDB1C93E442007B43D0 /* Frameworks */,
				36539BDC1C93E442007B43D0 /* Resources */,
			);
			buildRules = (
			);
			dependencies = (
				36539BE01C93E442007B43D0 /* PBXTargetDependency */,
			);
			name = NewUnionTestTests;
			productName = NewUnionTestTests;
			productReference = 36539BDE1C93E442007B43D0 /* NewUnionTestTests.xctest */;
			productType = "com.apple.product-type.bundle.unit-test";
		};
		36539BE81C93E442007B43D0 /* NewUnionTestUITests */ = {
			isa = PBXNativeTarget;
			buildConfigurationList = 36539BF81C93E442007B43D0 /* Build configuration list for PBXNativeTarget "NewUnionTestUITests" */;
			buildPhases = (
				36539BE51C93E442007B43D0 /* Sources */,
				36539BE61C93E442007B43D0 /* Frameworks */,
				36539BE71C93E442007B43D0 /* Resources */,
			);
			buildRules = (
			);
			dependencies = (
				36539BEB1C93E442007B43D0 /* PBXTargetDependency */,
			);
			name = NewUnionTestUITests;
			productName = NewUnionTestUITests;
			productReference = 36539BE91C93E442007B43D0 /* NewUnionTestUITests.xctest */;
			productType = "com.apple.product-type.bundle.ui-testing";
		};
/* End PBXNativeTarget section */

/* Begin PBXProject section */
		36539BBD1C93E441007B43D0 /* Project object */ = {
			isa = PBXProject;
			attributes = {
				CLASSPREFIX = NU;
				LastUpgradeCheck = 0720;
				ORGANIZATIONNAME = ThanDang;
				TargetAttributes = {
					36539BC41C93E441007B43D0 = {
						CreatedOnToolsVersion = 7.2.1;
					};
					36539BDD1C93E442007B43D0 = {
						CreatedOnToolsVersion = 7.2.1;
						TestTargetID = 36539BC41C93E441007B43D0;
					};
					36539BE81C93E442007B43D0 = {
						CreatedOnToolsVersion = 7.2.1;
						TestTargetID = 36539BC41C93E441007B43D0;
					};
				};
			};
			buildConfigurationList = 36539BC01C93E441007B43D0 /* Build configuration list for PBXProject "NewUnionTest" */;
			compatibilityVersion = "Xcode 3.2";
			developmentRegion = English;
			hasScannedForEncodings = 0;
			knownRegions = (
				en,
				Base,
			);
			mainGroup = 36539BBC1C93E441007B43D0;
			productRefGroup = 36539BC61C93E441007B43D0 /* Products */;
			projectDirPath = "";
			projectRoot = "";
			targets = (
				36539BC41C93E441007B43D0 /* NewUnionTest */,
				36539BDD1C93E442007B43D0 /* NewUnionTestTests */,
				36539BE81C93E442007B43D0 /* NewUnionTestUITests */,
			);
		};
/* End PBXProject section */

/* Begin PBXResourcesBuildPhase section */
		36539BC31C93E441007B43D0 /* Resources */ = {
			isa = PBXResourcesBuildPhase;
			buildActionMask = 2147483647;
			files = (
				36539BD81C93E442007B43D0 /* LaunchScreen.storyboard in Resources */,
				36539BD51C93E442007B43D0 /* Assets.xcassets in Resources */,
				36539BD31C93E441007B43D0 /* Main.storyboard in Resources */,
			);
			runOnlyForDeploymentPostprocessing = 0;
		};
		36539BDC1C93E442007B43D0 /* Resources */ = {
			isa = PBXResourcesBuildPhase;
			buildActionMask = 2147483647;
			files = (
			);
			runOnlyForDeploymentPostprocessing = 0;
		};
		36539BE71C93E442007B43D0 /* Resources */ = {
			isa = PBXResourcesBuildPhase;
			buildActionMask = 2147483647;
			files = (
			);
			runOnlyForDeploymentPostprocessing = 0;
		};
/* End PBXResourcesBuildPhase section */

/* Begin PBXSourcesBuildPhase section */
		36539BC11C93E441007B43D0 /* Sources */ = {
			isa = PBXSourcesBuildPhase;
			buildActionMask = 2147483647;
			files = (
				36539C181C93EF1E007B43D0 /* NUAPI+CreateUser.m in Sources */,
				36539C0F1C93EEB3007B43D0 /* NURegisterViewController.m in Sources */,
				36539BFD1C93EC44007B43D0 /* NUUtils.m in Sources */,
				36E149201C95721200540B0C /* NUCommonViewController.m in Sources */,
				36E1490E1C95191F00540B0C /* NSString+Utils.m in Sources */,
				36E149111C9536AC00540B0C /* NUUser.m in Sources */,
				36539BD01C93E441007B43D0 /* ViewController.m in Sources */,
				36539C1B1C93EF35007B43D0 /* NUAPI+ListUser.m in Sources */,
				36539C151C93EF02007B43D0 /* NUAPI+Login.m in Sources */,
				36539BCD1C93E441007B43D0 /* AppDelegate.m in Sources */,
				36539C011C93EC7B007B43D0 /* NUConnectionBase.m in Sources */,
				36E149151C953D1000540B0C /* JGAFImageCache.m in Sources */,
				36539C081C93EE43007B43D0 /* NUAPI.m in Sources */,
				36539C121C93EEC5007B43D0 /* NUListUserViewController.m in Sources */,
				36E1491D1C95716E00540B0C /* MBProgressHUD.m in Sources */,
				36539C0B1C93EE87007B43D0 /* NULoginViewController.m in Sources */,
				36539C051C93EC97007B43D0 /* Reachability.m in Sources */,
				36539BCA1C93E441007B43D0 /* main.m in Sources */,
				36E149191C953FAB00540B0C /* NSDictionary+NotNullValue.m in Sources */,
			);
			runOnlyForDeploymentPostprocessing = 0;
		};
		36539BDA1C93E442007B43D0 /* Sources */ = {
			isa = PBXSourcesBuildPhase;
			buildActionMask = 2147483647;
			files = (
				36539BE31C93E442007B43D0 /* NewUnionTestTests.m in Sources */,
			);
			runOnlyForDeploymentPostprocessing = 0;
		};
		36539BE51C93E442007B43D0 /* Sources */ = {
			isa = PBXSourcesBuildPhase;
			buildActionMask = 2147483647;
			files = (
				36539BEE1C93E442007B43D0 /* NewUnionTestUITests.m in Sources */,
			);
			runOnlyForDeploymentPostprocessing = 0;
		};
/* End PBXSourcesBuildPhase section */

/* Begin PBXTargetDependency section */
		36539BE01C93E442007B43D0 /* PBXTargetDependency */ = {
			isa = PBXTargetDependency;
			target = 36539BC41C93E441007B43D0 /* NewUnionTest */;
			targetProxy = 36539BDF1C93E442007B43D0 /* PBXContainerItemProxy */;
		};
		36539BEB1C93E442007B43D0 /* PBXTargetDependency */ = {
			isa = PBXTargetDependency;
			target = 36539BC41C93E441007B43D0 /* NewUnionTest */;
			targetProxy = 36539BEA1C93E442007B43D0 /* PBXContainerItemProxy */;
		};
/* End PBXTargetDependency section */

/* Begin PBXVariantGroup section */
		36539BD11C93E441007B43D0 /* Main.storyboard */ = {
			isa = PBXVariantGroup;
			children = (
				36539BD21C93E441007B43D0 /* Base */,
			);
			name = Main.storyboard;
			sourceTree = "<group>";
		};
		36539BD61C93E442007B43D0 /* LaunchScreen.storyboard */ = {
			isa = PBXVariantGroup;
			children = (
				36539BD71C93E442007B43D0 /* Base */,
			);
			name = LaunchScreen.storyboard;
			sourceTree = "<group>";
		};
/* End PBXVariantGroup section */

/* Begin XCBuildConfiguration section */
		36539BF01C93E442007B43D0 /* Debug */ = {
			isa = XCBuildConfiguration;
			buildSettings = {
				ALWAYS_SEARCH_USER_PATHS = NO;
				CLANG_CXX_LANGUAGE_STANDARD = "gnu++0x";
				CLANG_CXX_LIBRARY = "libc++";
				CLANG_ENABLE_MODULES = YES;
				CLANG_ENABLE_OBJC_ARC = YES;
				CLANG_WARN_BOOL_CONVERSION = YES;
				CLANG_WARN_CONSTANT_CONVERSION = YES;
				CLANG_WARN_DIRECT_OBJC_ISA_USAGE = YES_ERROR;
				CLANG_WARN_EMPTY_BODY = YES;
				CLANG_WARN_ENUM_CONVERSION = YES;
				CLANG_WARN_INT_CONVERSION = YES;
				CLANG_WARN_OBJC_ROOT_CLASS = YES_ERROR;
				CLANG_WARN_UNREACHABLE_CODE = YES;
				CLANG_WARN__DUPLICATE_METHOD_MATCH = YES;
				"CODE_SIGN_IDENTITY[sdk=iphoneos*]" = "iPhone Developer";
				COPY_PHASE_STRIP = NO;
				DEBUG_INFORMATION_FORMAT = dwarf;
				ENABLE_STRICT_OBJC_MSGSEND = YES;
				ENABLE_TESTABILITY = YES;
				GCC_C_LANGUAGE_STANDARD = gnu99;
				GCC_DYNAMIC_NO_PIC = NO;
				GCC_NO_COMMON_BLOCKS = YES;
				GCC_OPTIMIZATION_LEVEL = 0;
				GCC_PREPROCESSOR_DEFINITIONS = (
					"DEBUG=1",
					"$(inherited)",
				);
				GCC_WARN_64_TO_32_BIT_CONVERSION = YES;
				GCC_WARN_ABOUT_RETURN_TYPE = YES_ERROR;
				GCC_WARN_UNDECLARED_SELECTOR = YES;
				GCC_WARN_UNINITIALIZED_AUTOS = YES_AGGRESSIVE;
				GCC_WARN_UNUSED_FUNCTION = YES;
				GCC_WARN_UNUSED_VARIABLE = YES;
				IPHONEOS_DEPLOYMENT_TARGET = 9.2;
				MTL_ENABLE_DEBUG_INFO = YES;
				ONLY_ACTIVE_ARCH = YES;
				SDKROOT = iphoneos;
			};
			name = Debug;
		};
		36539BF11C93E442007B43D0 /* Release */ = {
			isa = XCBuildConfiguration;
			buildSettings = {
				ALWAYS_SEARCH_USER_PATHS = NO;
				CLANG_CXX_LANGUAGE_STANDARD = "gnu++0x";
				CLANG_CXX_LIBRARY = "libc++";
				CLANG_ENABLE_MODULES = YES;
				CLANG_ENABLE_OBJC_ARC = YES;
				CLANG_WARN_BOOL_CONVERSION = YES;
				CLANG_WARN_CONSTANT_CONVERSION = YES;
				CLANG_WARN_DIRECT_OBJC_ISA_USAGE = YES_ERROR;
				CLANG_WARN_EMPTY_BODY = YES;
				CLANG_WARN_ENUM_CONVERSION = YES;
				CLANG_WARN_INT_CONVERSION = YES;
				CLANG_WARN_OBJC_ROOT_CLASS = YES_ERROR;
				CLANG_WARN_UNREACHABLE_CODE = YES;
				CLANG_WARN__DUPLICATE_METHOD_MATCH = YES;
				"CODE_SIGN_IDENTITY[sdk=iphoneos*]" = "iPhone Developer";
				COPY_PHASE_STRIP = NO;
				DEBUG_INFORMATION_FORMAT = "dwarf-with-dsym";
				ENABLE_NS_ASSERTIONS = NO;
				ENABLE_STRICT_OBJC_MSGSEND = YES;
				GCC_C_LANGUAGE_STANDARD = gnu99;
				GCC_NO_COMMON_BLOCKS = YES;
				GCC_WARN_64_TO_32_BIT_CONVERSION = YES;
				GCC_WARN_ABOUT_RETURN_TYPE = YES_ERROR;
				GCC_WARN_UNDECLARED_SELECTOR = YES;
				GCC_WARN_UNINITIALIZED_AUTOS = YES_AGGRESSIVE;
				GCC_WARN_UNUSED_FUNCTION = YES;
				GCC_WARN_UNUSED_VARIABLE = YES;
				IPHONEOS_DEPLOYMENT_TARGET = 9.2;
				MTL_ENABLE_DEBUG_INFO = NO;
				SDKROOT = iphoneos;
				VALIDATE_PRODUCT = YES;
			};
			name = Release;
		};
		36539BF31C93E442007B43D0 /* Debug */ = {
			isa = XCBuildConfiguration;
			buildSettings = {
				ASSETCATALOG_COMPILER_APPICON_NAME = AppIcon;
				GCC_PREFIX_HEADER = "NewUnionTest/NewUnionTest-Prefix.pch";
				INFOPLIST_FILE = NewUnionTest/Info.plist;
				IPHONEOS_DEPLOYMENT_TARGET = 8.0;
				LD_RUNPATH_SEARCH_PATHS = "$(inherited) @executable_path/Frameworks";
				PRODUCT_BUNDLE_IDENTIFIER = com.thandang.NewUnionTest;
				PRODUCT_NAME = "$(TARGET_NAME)";
			};
			name = Debug;
		};
		36539BF41C93E442007B43D0 /* Release */ = {
			isa = XCBuildConfiguration;
			buildSettings = {
				ASSETCATALOG_COMPILER_APPICON_NAME = AppIcon;
				GCC_PREFIX_HEADER = "NewUnionTest/NewUnionTest-Prefix.pch";
				INFOPLIST_FILE = NewUnionTest/Info.plist;
				IPHONEOS_DEPLOYMENT_TARGET = 8.0;
				LD_RUNPATH_SEARCH_PATHS = "$(inherited) @executable_path/Frameworks";
				PRODUCT_BUNDLE_IDENTIFIER = com.thandang.NewUnionTest;
				PRODUCT_NAME = "$(TARGET_NAME)";
			};
			name = Release;
		};
		36539BF61C93E442007B43D0 /* Debug */ = {
			isa = XCBuildConfiguration;
			buildSettings = {
				BUNDLE_LOADER = "$(TEST_HOST)";
				INFOPLIST_FILE = NewUnionTestTests/Info.plist;
				LD_RUNPATH_SEARCH_PATHS = "$(inherited) @executable_path/Frameworks @loader_path/Frameworks";
				PRODUCT_BUNDLE_IDENTIFIER = com.thandang.NewUnionTestTests;
				PRODUCT_NAME = "$(TARGET_NAME)";
				TEST_HOST = "$(BUILT_PRODUCTS_DIR)/NewUnionTest.app/NewUnionTest";
			};
			name = Debug;
		};
		36539BF71C93E442007B43D0 /* Release */ = {
			isa = XCBuildConfiguration;
			buildSettings = {
				BUNDLE_LOADER = "$(TEST_HOST)";
				INFOPLIST_FILE = NewUnionTestTests/Info.plist;
				LD_RUNPATH_SEARCH_PATHS = "$(inherited) @executable_path/Frameworks @loader_path/Frameworks";
				PRODUCT_BUNDLE_IDENTIFIER = com.thandang.NewUnionTestTests;
				PRODUCT_NAME = "$(TARGET_NAME)";
				TEST_HOST = "$(BUILT_PRODUCTS_DIR)/NewUnionTest.app/NewUnionTest";
			};
			name = Release;
		};
		36539BF91C93E442007B43D0 /* Debug */ = {
			isa = XCBuildConfiguration;
			buildSettings = {
				INFOPLIST_FILE = NewUnionTestUITests/Info.plist;
				LD_RUNPATH_SEARCH_PATHS = "$(inherited) @executable_path/Frameworks @loader_path/Frameworks";
				PRODUCT_BUNDLE_IDENTIFIER = com.thandang.NewUnionTestUITests;
				PRODUCT_NAME = "$(TARGET_NAME)";
				TEST_TARGET_NAME = NewUnionTest;
				USES_XCTRUNNER = YES;
			};
			name = Debug;
		};
		36539BFA1C93E442007B43D0 /* Release */ = {
			isa = XCBuildConfiguration;
			buildSettings = {
				INFOPLIST_FILE = NewUnionTestUITests/Info.plist;
				LD_RUNPATH_SEARCH_PATHS = "$(inherited) @executable_path/Frameworks @loader_path/Frameworks";
				PRODUCT_BUNDLE_IDENTIFIER = com.thandang.NewUnionTestUITests;
				PRODUCT_NAME = "$(TARGET_NAME)";
				TEST_TARGET_NAME = NewUnionTest;
				USES_XCTRUNNER = YES;
			};
			name = Release;
		};
/* End XCBuildConfiguration section */

/* Begin XCConfigurationList section */
		36539BC01C93E441007B43D0 /* Build configuration list for PBXProject "NewUnionTest" */ = {
			isa = XCConfigurationList;
			buildConfigurations = (
				36539BF01C93E442007B43D0 /* Debug */,
				36539BF11C93E442007B43D0 /* Release */,
			);
			defaultConfigurationIsVisible = 0;
			defaultConfigurationName = Release;
		};
		36539BF21C93E442007B43D0 /* Build configuration list for PBXNativeTarget "NewUnionTest" */ = {
			isa = XCConfigurationList;
			buildConfigurations = (
				36539BF31C93E442007B43D0 /* Debug */,
				36539BF41C93E442007B43D0 /* Release */,
			);
			defaultConfigurationIsVisible = 0;
			defaultConfigurationName = Release;
		};
		36539BF51C93E442007B43D0 /* Build configuration list for PBXNativeTarget "NewUnionTestTests" */ = {
			isa = XCConfigurationList;
			buildConfigurations = (
				36539BF61C93E442007B43D0 /* Debug */,
				36539BF71C93E442007B43D0 /* Release */,
			);
			defaultConfigurationIsVisible = 0;
			defaultConfigurationName = Release;
		};
		36539BF81C93E442007B43D0 /* Build configuration list for PBXNativeTarget "NewUnionTestUITests" */ = {
			isa = XCConfigurationList;
			buildConfigurations = (
				36539BF91C93E442007B43D0 /* Debug */,
				36539BFA1C93E442007B43D0 /* Release */,
			);
			defaultConfigurationIsVisible = 0;
			defaultConfigurationName = Release;
		};
/* End XCConfigurationList section */
	};
	rootObject = 36539BBD1C93E441007B43D0 /* Project object */;
}
