// !$*UTF8*$!
{
	archiveVersion = 1;
	classes = {
	};
	objectVersion = 46;
	objects = {

/* Begin PBXBuildFile section */
		36539BCA1C93E441007B43D0 /* main.m in Sources */ = {isa = PBXBuildFile; fileRef = 36539BC91C93E441007B43D0 /* main.m */; };
		36539BCD1C93E441007B43D0 /* AppDelegate.m in Sources */ = {isa = PBXBuildFile; fileRef = 36539BCC1C93E441007B43D0 /* AppDelegate.m */; };
		36539BD01C93E441007B43D0 /* ViewController.m in Sources */ = {isa = PBXBuildFile; fileRef = 36539BCF1C93E441007B43D0 /* ViewController.m */; };
		36539BD31C93E441007B43D0 /* Main.storyboard in Resources */ = {isa = PBXBuildFile; fileRef = 36539BD11C93E441007B43D0 /* Main.storyboard */; };
		36539BD51C93E442007B43D0 /* Assets.xcassets in Resources */ = {isa = PBXBuildFile; fileRef = 36539BD41C93E442007B43D0 /* Assets.xcassets */; };
		36539BD81C93E442007B43D0 /* LaunchScreen.storyboard in Resources */ = {isa = PBXBuildFile; fileRef = 36539BD61C93E442007B43D0 /* LaunchScreen.storyboard */; };
		36539BE31C93E442007B43D0 /* NewUnionTestTests.m in Sources */ = {isa = PBXBuildFile; fileRef = 36539BE21C93E442007B43D0 /* NewUnionTestTests.m */; };
		36539BEE1C93E442007B43D0 /* NewUnionTestUITests.m in Sources */ = {isa = PBXBuildFile; fileRef = 36539BED1C93E442007B43D0 /* NewUnionTestUITests.m */; };
		36539BFD1C93EC44007B43D0 /* NUUtils.m in Sources */ = {isa = PBXBuildFile; fileRef = 36539BFC1C93EC44007B43D0 /* NUUtils.m */; };
		36539C011C93EC7B007B43D0 /* NUConnectionBase.m in Sources */ = {isa = PBXBuildFile; fileRef = 36539C001C93EC7B007B43D0 /* NUConnectionBase.m */; };
		36539C051C93EC97007B43D0 /* Reachability.m in Sources */ = {isa = PBXBuildFile; fileRef = 36539C041C93EC97007B43D0 /* Reachability.m */; };
		36539C081C93EE43007B43D0 /* NUAPI.m in Sources */ = {isa = PBXBuildFile; fileRef = 36539C071C93EE43007B43D0 /* NUAPI.m */; };
		36539C151C93EF02007B43D0 /* NUAPI+Login.m in Sources */ = {isa = PBXBuildFile; fileRef = 36539C141C93EF02007B43D0 /* NUAPI+Login.m */; };
		36539C181C93EF1E007B43D0 /* NUAPI+CreateUser.m in Sources */ = {isa = PBXBuildFile; fileRef = 36539C171C93EF1E007B43D0 /* NUAPI+CreateUser.m */; };
		36539C1B1C93EF35007B43D0 /* NUAPI+ListUser.m in Sources */ = {isa = PBXBuildFile; fileRef = 36539C1A1C93EF35007B43D0 /* NUAPI+ListUser.m */; };
		368788B51C945ADA00F21F54 /* UIKit.framework in Frameworks */ = {isa = PBXBuildFile; fileRef = 368788B41C945ADA00F21F54 /* UIKit.framework */; };
		368788B71C945AE200F21F54 /* Foundation.framework in Frameworks */ = {isa = PBXBuildFile; fileRef = 368788B61C945AE200F21F54 /* Foundation.framework */; };
		36E1490E1C95191F00540B0C /* NSString+Utils.m in Sources */ = {isa = PBXBuildFile; fileRef = 36E1490D1C95191F00540B0C /* NSString+Utils.m */; };
		36E149111C9536AC00540B0C /* NUUser.m in Sources */ = {isa = PBXBuildFile; fileRef = 36E149101C9536AC00540B0C /* NUUser.m */; };
		36E149151C953D1000540B0C /* JGAFImageCache.m in Sources */ = {isa = PBXBuildFile; fileRef = 36E149141C953D1000540B0C /* JGAFImageCache.m */; };
		36E149191C953FAB00540B0C /* NSDictionary+NotNullValue.m in Sources */ = {isa = PBXBuildFile; fileRef = 36E149181C953FAB00540B0C /* NSDictionary+NotNullValue.m */; };
		36E1491D1C95716E00540B0C /* MBProgressHUD.m in Sources */ = {isa = PBXBuildFile; fileRef = 36E1491C1C95716E00540B0C /* MBProgressHUD.m */; };
		36E149201C95721200540B0C /* NUCommonViewController.m in Sources */ = {isa = PBXBuildFile; fileRef = 36E1491F1C95721200540B0C /* NUCommonViewController.m */; };
		36E149241C957D3100540B0C /* NULoginViewController.m in Sources */ = {isa = PBXBuildFile; fileRef = 36E149221C957D3100540B0C /* NULoginViewController.m */; };
		36E149291C957D8F00540B0C /* NURegisterViewController.m in Sources */ = {isa = PBXBuildFile; fileRef = 36E149271C957D8F00540B0C /* NURegisterViewController.m */; };
		36E1492E1C957DC000540B0C /* NUListUsersViewController.m in Sources */ = {isa = PBXBuildFile; fileRef = 36E1492C1C957DC000540B0C /* NUListUsersViewController.m */; };
		36E149331C95989800540B0C /* NUUserViewCell.m in Sources */ = {isa = PBXBuildFile; fileRef = 36E149311C95989800540B0C /* NUUserViewCell.m */; };
		36E149341C95989800540B0C /* NUUserViewCell.xib in Resources */ = {isa = PBXBuildFile; fileRef = 36E149321C95989800540B0C /* NUUserViewCell.xib */; };
		36E149381C9599C200540B0C /* NUUserViewModel.m in Sources */ = {isa = PBXBuildFile; fileRef = 36E149371C9599C200540B0C /* NUUserViewModel.m */; };
		36E1493A1C95A72400540B0C /* CFNetwork.framework in Frameworks */ = {isa = PBXBuildFile; fileRef = 36E149391C95A72400540B0C /* CFNetwork.framework */; };
		36E1493C1C95A73000540B0C /* Security.framework in Frameworks */ = {isa = PBXBuildFile; fileRef = 36E1493B1C95A73000540B0C /* Security.framework */; };
		36E1498C1C95A9A000540B0C /* libxml2.tbd in Frameworks */ = {isa = PBXBuildFile; fileRef = 36E1498B1C95A9A000540B0C /* libxml2.tbd */; };
		36E1499D1C95AA1C00540B0C /* DDXMLDocument.m in Sources */ = {isa = PBXBuildFile; fileRef = 36E149941C95AA1C00540B0C /* DDXMLDocument.m */; };
		36E1499E1C95AA1C00540B0C /* DDXMLElement.m in Sources */ = {isa = PBXBuildFile; fileRef = 36E149961C95AA1C00540B0C /* DDXMLElement.m */; };
		36E1499F1C95AA1C00540B0C /* DDXMLNode.m in Sources */ = {isa = PBXBuildFile; fileRef = 36E149981C95AA1C00540B0C /* DDXMLNode.m */; };
		36E149A71C95AAAF00540B0C /* NSString+DDXML.m in Sources */ = {isa = PBXBuildFile; fileRef = 36E149A61C95AAAF00540B0C /* NSString+DDXML.m */; };
		36E149AA1C95AAB900540B0C /* DDXMLElementAdditions.m in Sources */ = {isa = PBXBuildFile; fileRef = 36E149A91C95AAB900540B0C /* DDXMLElementAdditions.m */; };
		36E149B01C95AB7B00540B0C /* build-libidn.sh in Resources */ = {isa = PBXBuildFile; fileRef = 36E149AC1C95AB7B00540B0C /* build-libidn.sh */; };
		36E149B11C95AB7B00540B0C /* libidn.a in Frameworks */ = {isa = PBXBuildFile; fileRef = 36E149AE1C95AB7B00540B0C /* libidn.a */; };
		36E149B31C95ABE300540B0C /* libresolv.tbd in Frameworks */ = {isa = PBXBuildFile; fileRef = 36E149B21C95ABE300540B0C /* libresolv.tbd */; };
		36E149C71C95AC3400540B0C /* DDList.m in Sources */ = {isa = PBXBuildFile; fileRef = 36E149BA1C95AC3400540B0C /* DDList.m */; };
		36E149C81C95AC3400540B0C /* GCDMulticastDelegate.m in Sources */ = {isa = PBXBuildFile; fileRef = 36E149BC1C95AC3400540B0C /* GCDMulticastDelegate.m */; };
		36E149C91C95AC3400540B0C /* RFImageToDataTransformer.m in Sources */ = {isa = PBXBuildFile; fileRef = 36E149BE1C95AC3400540B0C /* RFImageToDataTransformer.m */; };
		36E149CA1C95AC3400540B0C /* XMPPIDTracker.m in Sources */ = {isa = PBXBuildFile; fileRef = 36E149C01C95AC3400540B0C /* XMPPIDTracker.m */; };
		36E149CB1C95AC3400540B0C /* XMPPSRVResolver.m in Sources */ = {isa = PBXBuildFile; fileRef = 36E149C21C95AC3400540B0C /* XMPPSRVResolver.m */; };
		36E149CC1C95AC3400540B0C /* XMPPStringPrep.m in Sources */ = {isa = PBXBuildFile; fileRef = 36E149C41C95AC3400540B0C /* XMPPStringPrep.m */; };
		36E149CD1C95AC3400540B0C /* XMPPTimer.m in Sources */ = {isa = PBXBuildFile; fileRef = 36E149C61C95AC3400540B0C /* XMPPTimer.m */; };
		36E149D41C95AC4000540B0C /* NSData+XMPP.m in Sources */ = {isa = PBXBuildFile; fileRef = 36E149CF1C95AC4000540B0C /* NSData+XMPP.m */; };
		36E149D51C95AC4000540B0C /* NSNumber+XMPP.m in Sources */ = {isa = PBXBuildFile; fileRef = 36E149D11C95AC4000540B0C /* NSNumber+XMPP.m */; };
		36E149D61C95AC4000540B0C /* NSXMLElement+XMPP.m in Sources */ = {isa = PBXBuildFile; fileRef = 36E149D31C95AC4000540B0C /* NSXMLElement+XMPP.m */; };
		36E149EC1C95AC4C00540B0C /* XMPPConstants.m in Sources */ = {isa = PBXBuildFile; fileRef = 36E149D91C95AC4C00540B0C /* XMPPConstants.m */; };
		36E149ED1C95AC4C00540B0C /* XMPPElement.m in Sources */ = {isa = PBXBuildFile; fileRef = 36E149DB1C95AC4C00540B0C /* XMPPElement.m */; };
		36E149EE1C95AC4C00540B0C /* XMPPIQ.m in Sources */ = {isa = PBXBuildFile; fileRef = 36E149DE1C95AC4C00540B0C /* XMPPIQ.m */; };
		36E149EF1C95AC4C00540B0C /* XMPPJID.m in Sources */ = {isa = PBXBuildFile; fileRef = 36E149E01C95AC4C00540B0C /* XMPPJID.m */; };
		36E149F01C95AC4C00540B0C /* XMPPMessage.m in Sources */ = {isa = PBXBuildFile; fileRef = 36E149E31C95AC4C00540B0C /* XMPPMessage.m */; };
		36E149F11C95AC4C00540B0C /* XMPPModule.m in Sources */ = {isa = PBXBuildFile; fileRef = 36E149E51C95AC4C00540B0C /* XMPPModule.m */; };
		36E149F21C95AC4C00540B0C /* XMPPParser.m in Sources */ = {isa = PBXBuildFile; fileRef = 36E149E71C95AC4C00540B0C /* XMPPParser.m */; };
		36E149F31C95AC4C00540B0C /* XMPPPresence.m in Sources */ = {isa = PBXBuildFile; fileRef = 36E149E91C95AC4C00540B0C /* XMPPPresence.m */; };
		36E149F41C95AC4C00540B0C /* XMPPStream.m in Sources */ = {isa = PBXBuildFile; fileRef = 36E149EB1C95AC4C00540B0C /* XMPPStream.m */; };
		36E14A011C95ACB400540B0C /* XMPPXOAuth2Google.m in Sources */ = {isa = PBXBuildFile; fileRef = 36E14A001C95ACB400540B0C /* XMPPXOAuth2Google.m */; };
		36E14A041C95ACC000540B0C /* XMPPXFacebookPlatformAuthentication.m in Sources */ = {isa = PBXBuildFile; fileRef = 36E14A031C95ACC000540B0C /* XMPPXFacebookPlatformAuthentication.m */; };
		36E14A071C95ACCF00540B0C /* XMPPSCRAMSHA1Authentication.m in Sources */ = {isa = PBXBuildFile; fileRef = 36E14A061C95ACCF00540B0C /* XMPPSCRAMSHA1Authentication.m */; };
		36E14A0A1C95ACDA00540B0C /* XMPPPlainAuthentication.m in Sources */ = {isa = PBXBuildFile; fileRef = 36E14A091C95ACDA00540B0C /* XMPPPlainAuthentication.m */; };
		36E14A0D1C95ACE900540B0C /* XMPPDigestMD5Authentication.m in Sources */ = {isa = PBXBuildFile; fileRef = 36E14A0C1C95ACE900540B0C /* XMPPDigestMD5Authentication.m */; };
		36E14A101C95ACF400540B0C /* XMPPDeprecatedPlainAuthentication.m in Sources */ = {isa = PBXBuildFile; fileRef = 36E14A0F1C95ACF400540B0C /* XMPPDeprecatedPlainAuthentication.m */; };
		36E14A131C95AD0200540B0C /* XMPPDeprecatedDigestAuthentication.m in Sources */ = {isa = PBXBuildFile; fileRef = 36E14A121C95AD0200540B0C /* XMPPDeprecatedDigestAuthentication.m */; };
		36E14A161C95AD0E00540B0C /* XMPPAnonymousAuthentication.m in Sources */ = {isa = PBXBuildFile; fileRef = 36E14A151C95AD0E00540B0C /* XMPPAnonymousAuthentication.m */; };
		640CD692AD9BB0033D2A6140 /* libPods-NewUnionTest.a in Frameworks */ = {isa = PBXBuildFile; fileRef = 64D5E28E4E274784F417C9C3 /* libPods-NewUnionTest.a */; };
/* End PBXBuildFile section */

/* Begin PBXContainerItemProxy section */
		36539BDF1C93E442007B43D0 /* PBXContainerItemProxy */ = {
			isa = PBXContainerItemProxy;
			containerPortal = 36539BBD1C93E441007B43D0 /* Project object */;
			proxyType = 1;
			remoteGlobalIDString = 36539BC41C93E441007B43D0;
			remoteInfo = NewUnionTest;
		};
		36539BEA1C93E442007B43D0 /* PBXContainerItemProxy */ = {
			isa = PBXContainerItemProxy;
			containerPortal = 36539BBD1C93E441007B43D0 /* Project object */;
			proxyType = 1;
			remoteGlobalIDString = 36539BC41C93E441007B43D0;
			remoteInfo = NewUnionTest;
		};
/* End PBXContainerItemProxy section */

/* Begin PBXFileReference section */
		36539BC51C93E441007B43D0 /* NewUnionTest.app */ = {isa = PBXFileReference; explicitFileType = wrapper.application; includeInIndex = 0; path = NewUnionTest.app; sourceTree = BUILT_PRODUCTS_DIR; };
		36539BC91C93E441007B43D0 /* main.m */ = {isa = PBXFileReference; lastKnownFileType = sourcecode.c.objc; path = main.m; sourceTree = "<group>"; };
		36539BCB1C93E441007B43D0 /* AppDelegate.h */ = {isa = PBXFileReference; lastKnownFileType = sourcecode.c.h; path = AppDelegate.h; sourceTree = "<group>"; };
		36539BCC1C93E441007B43D0 /* AppDelegate.m */ = {isa = PBXFileReference; lastKnownFileType = sourcecode.c.objc; path = AppDelegate.m; sourceTree = "<group>"; };
		36539BCE1C93E441007B43D0 /* ViewController.h */ = {isa = PBXFileReference; lastKnownFileType = sourcecode.c.h; path = ViewController.h; sourceTree = "<group>"; };
		36539BCF1C93E441007B43D0 /* ViewController.m */ = {isa = PBXFileReference; lastKnownFileType = sourcecode.c.objc; path = ViewController.m; sourceTree = "<group>"; };
		36539BD21C93E441007B43D0 /* Base */ = {isa = PBXFileReference; lastKnownFileType = file.storyboard; name = Base; path = Base.lproj/Main.storyboard; sourceTree = "<group>"; };
		36539BD41C93E442007B43D0 /* Assets.xcassets */ = {isa = PBXFileReference; lastKnownFileType = folder.assetcatalog; path = Assets.xcassets; sourceTree = "<group>"; };
		36539BD71C93E442007B43D0 /* Base */ = {isa = PBXFileReference; lastKnownFileType = file.storyboard; name = Base; path = Base.lproj/LaunchScreen.storyboard; sourceTree = "<group>"; };
		36539BD91C93E442007B43D0 /* Info.plist */ = {isa = PBXFileReference; lastKnownFileType = text.plist.xml; path = Info.plist; sourceTree = "<group>"; };
		36539BDE1C93E442007B43D0 /* NewUnionTestTests.xctest */ = {isa = PBXFileReference; explicitFileType = wrapper.cfbundle; includeInIndex = 0; path = NewUnionTestTests.xctest; sourceTree = BUILT_PRODUCTS_DIR; };
		36539BE21C93E442007B43D0 /* NewUnionTestTests.m */ = {isa = PBXFileReference; lastKnownFileType = sourcecode.c.objc; path = NewUnionTestTests.m; sourceTree = "<group>"; };
		36539BE41C93E442007B43D0 /* Info.plist */ = {isa = PBXFileReference; lastKnownFileType = text.plist.xml; path = Info.plist; sourceTree = "<group>"; };
		36539BE91C93E442007B43D0 /* NewUnionTestUITests.xctest */ = {isa = PBXFileReference; explicitFileType = wrapper.cfbundle; includeInIndex = 0; path = NewUnionTestUITests.xctest; sourceTree = BUILT_PRODUCTS_DIR; };
		36539BED1C93E442007B43D0 /* NewUnionTestUITests.m */ = {isa = PBXFileReference; lastKnownFileType = sourcecode.c.objc; path = NewUnionTestUITests.m; sourceTree = "<group>"; };
		36539BEF1C93E442007B43D0 /* Info.plist */ = {isa = PBXFileReference; lastKnownFileType = text.plist.xml; path = Info.plist; sourceTree = "<group>"; };
		36539BFB1C93EC44007B43D0 /* NUUtils.h */ = {isa = PBXFileReference; fileEncoding = 4; lastKnownFileType = sourcecode.c.h; name = NUUtils.h; path = Utils/NUUtils.h; sourceTree = "<group>"; };
		36539BFC1C93EC44007B43D0 /* NUUtils.m */ = {isa = PBXFileReference; fileEncoding = 4; lastKnownFileType = sourcecode.c.objc; name = NUUtils.m; path = Utils/NUUtils.m; sourceTree = "<group>"; };
		36539BFF1C93EC7B007B43D0 /* NUConnectionBase.h */ = {isa = PBXFileReference; fileEncoding = 4; lastKnownFileType = sourcecode.c.h; name = NUConnectionBase.h; path = Connections/NUConnectionBase.h; sourceTree = "<group>"; };
		36539C001C93EC7B007B43D0 /* NUConnectionBase.m */ = {isa = PBXFileReference; fileEncoding = 4; lastKnownFileType = sourcecode.c.objc; name = NUConnectionBase.m; path = Connections/NUConnectionBase.m; sourceTree = "<group>"; };
		36539C031C93EC97007B43D0 /* Reachability.h */ = {isa = PBXFileReference; fileEncoding = 4; lastKnownFileType = sourcecode.c.h; name = Reachability.h; path = Connections/Reachability.h; sourceTree = "<group>"; };
		36539C041C93EC97007B43D0 /* Reachability.m */ = {isa = PBXFileReference; fileEncoding = 4; lastKnownFileType = sourcecode.c.objc; name = Reachability.m; path = Connections/Reachability.m; sourceTree = "<group>"; };
		36539C061C93EE43007B43D0 /* NUAPI.h */ = {isa = PBXFileReference; fileEncoding = 4; lastKnownFileType = sourcecode.c.h; name = NUAPI.h; path = Connections/NUAPI.h; sourceTree = "<group>"; };
		36539C071C93EE43007B43D0 /* NUAPI.m */ = {isa = PBXFileReference; fileEncoding = 4; lastKnownFileType = sourcecode.c.objc; name = NUAPI.m; path = Connections/NUAPI.m; sourceTree = "<group>"; };
		36539C131C93EF02007B43D0 /* NUAPI+Login.h */ = {isa = PBXFileReference; fileEncoding = 4; lastKnownFileType = sourcecode.c.h; name = "NUAPI+Login.h"; path = "Connections/NUAPI+Login.h"; sourceTree = "<group>"; };
		36539C141C93EF02007B43D0 /* NUAPI+Login.m */ = {isa = PBXFileReference; fileEncoding = 4; lastKnownFileType = sourcecode.c.objc; name = "NUAPI+Login.m"; path = "Connections/NUAPI+Login.m"; sourceTree = "<group>"; };
		36539C161C93EF1E007B43D0 /* NUAPI+CreateUser.h */ = {isa = PBXFileReference; fileEncoding = 4; lastKnownFileType = sourcecode.c.h; name = "NUAPI+CreateUser.h"; path = "Connections/NUAPI+CreateUser.h"; sourceTree = "<group>"; };
		36539C171C93EF1E007B43D0 /* NUAPI+CreateUser.m */ = {isa = PBXFileReference; fileEncoding = 4; lastKnownFileType = sourcecode.c.objc; name = "NUAPI+CreateUser.m"; path = "Connections/NUAPI+CreateUser.m"; sourceTree = "<group>"; };
		36539C191C93EF35007B43D0 /* NUAPI+ListUser.h */ = {isa = PBXFileReference; fileEncoding = 4; lastKnownFileType = sourcecode.c.h; name = "NUAPI+ListUser.h"; path = "Connections/NUAPI+ListUser.h"; sourceTree = "<group>"; };
		36539C1A1C93EF35007B43D0 /* NUAPI+ListUser.m */ = {isa = PBXFileReference; fileEncoding = 4; lastKnownFileType = sourcecode.c.objc; name = "NUAPI+ListUser.m"; path = "Connections/NUAPI+ListUser.m"; sourceTree = "<group>"; };
		368788B31C9459AF00F21F54 /* NUConstants.h */ = {isa = PBXFileReference; lastKnownFileType = sourcecode.c.h; path = NUConstants.h; sourceTree = "<group>"; };
		368788B41C945ADA00F21F54 /* UIKit.framework */ = {isa = PBXFileReference; lastKnownFileType = wrapper.framework; name = UIKit.framework; path = System/Library/Frameworks/UIKit.framework; sourceTree = SDKROOT; };
		368788B61C945AE200F21F54 /* Foundation.framework */ = {isa = PBXFileReference; lastKnownFileType = wrapper.framework; name = Foundation.framework; path = System/Library/Frameworks/Foundation.framework; sourceTree = SDKROOT; };
		36E1490B1C9514C900540B0C /* NewUnionTest-Prefix.pch */ = {isa = PBXFileReference; lastKnownFileType = sourcecode.c.h; path = "NewUnionTest-Prefix.pch"; sourceTree = "<group>"; };
		36E1490C1C95191F00540B0C /* NSString+Utils.h */ = {isa = PBXFileReference; fileEncoding = 4; lastKnownFileType = sourcecode.c.h; name = "NSString+Utils.h"; path = "Utils/NSString+Utils.h"; sourceTree = "<group>"; };
		36E1490D1C95191F00540B0C /* NSString+Utils.m */ = {isa = PBXFileReference; fileEncoding = 4; lastKnownFileType = sourcecode.c.objc; name = "NSString+Utils.m"; path = "Utils/NSString+Utils.m"; sourceTree = "<group>"; };
		36E1490F1C9536AC00540B0C /* NUUser.h */ = {isa = PBXFileReference; fileEncoding = 4; lastKnownFileType = sourcecode.c.h; name = NUUser.h; path = Models/NUUser.h; sourceTree = "<group>"; };
		36E149101C9536AC00540B0C /* NUUser.m */ = {isa = PBXFileReference; fileEncoding = 4; lastKnownFileType = sourcecode.c.objc; name = NUUser.m; path = Models/NUUser.m; sourceTree = "<group>"; };
		36E149131C953D1000540B0C /* JGAFImageCache.h */ = {isa = PBXFileReference; fileEncoding = 4; lastKnownFileType = sourcecode.c.h; name = JGAFImageCache.h; path = Libraries/JGAFImageCache.h; sourceTree = "<group>"; };
		36E149141C953D1000540B0C /* JGAFImageCache.m */ = {isa = PBXFileReference; fileEncoding = 4; lastKnownFileType = sourcecode.c.objc; name = JGAFImageCache.m; path = Libraries/JGAFImageCache.m; sourceTree = "<group>"; };
		36E149171C953FAB00540B0C /* NSDictionary+NotNullValue.h */ = {isa = PBXFileReference; fileEncoding = 4; lastKnownFileType = sourcecode.c.h; name = "NSDictionary+NotNullValue.h"; path = "Utils/NSDictionary+NotNullValue.h"; sourceTree = "<group>"; };
		36E149181C953FAB00540B0C /* NSDictionary+NotNullValue.m */ = {isa = PBXFileReference; fileEncoding = 4; lastKnownFileType = sourcecode.c.objc; name = "NSDictionary+NotNullValue.m"; path = "Utils/NSDictionary+NotNullValue.m"; sourceTree = "<group>"; };
		36E1491B1C95716E00540B0C /* MBProgressHUD.h */ = {isa = PBXFileReference; fileEncoding = 4; lastKnownFileType = sourcecode.c.h; name = MBProgressHUD.h; path = Libraries/MBProgressHUD/MBProgressHUD.h; sourceTree = "<group>"; };
		36E1491C1C95716E00540B0C /* MBProgressHUD.m */ = {isa = PBXFileReference; fileEncoding = 4; lastKnownFileType = sourcecode.c.objc; name = MBProgressHUD.m; path = Libraries/MBProgressHUD/MBProgressHUD.m; sourceTree = "<group>"; };
		36E1491E1C95721200540B0C /* NUCommonViewController.h */ = {isa = PBXFileReference; fileEncoding = 4; lastKnownFileType = sourcecode.c.h; name = NUCommonViewController.h; path = ViewControllers/NUCommonViewController.h; sourceTree = "<group>"; };
		36E1491F1C95721200540B0C /* NUCommonViewController.m */ = {isa = PBXFileReference; fileEncoding = 4; lastKnownFileType = sourcecode.c.objc; name = NUCommonViewController.m; path = ViewControllers/NUCommonViewController.m; sourceTree = "<group>"; };
		36E149211C957D3100540B0C /* NULoginViewController.h */ = {isa = PBXFileReference; fileEncoding = 4; lastKnownFileType = sourcecode.c.h; name = NULoginViewController.h; path = ViewControllers/NULoginViewController.h; sourceTree = "<group>"; };
		36E149221C957D3100540B0C /* NULoginViewController.m */ = {isa = PBXFileReference; fileEncoding = 4; lastKnownFileType = sourcecode.c.objc; name = NULoginViewController.m; path = ViewControllers/NULoginViewController.m; sourceTree = "<group>"; };
		36E149261C957D8F00540B0C /* NURegisterViewController.h */ = {isa = PBXFileReference; fileEncoding = 4; lastKnownFileType = sourcecode.c.h; name = NURegisterViewController.h; path = ViewControllers/NURegisterViewController.h; sourceTree = "<group>"; };
		36E149271C957D8F00540B0C /* NURegisterViewController.m */ = {isa = PBXFileReference; fileEncoding = 4; lastKnownFileType = sourcecode.c.objc; name = NURegisterViewController.m; path = ViewControllers/NURegisterViewController.m; sourceTree = "<group>"; };
		36E1492B1C957DC000540B0C /* NUListUsersViewController.h */ = {isa = PBXFileReference; fileEncoding = 4; lastKnownFileType = sourcecode.c.h; name = NUListUsersViewController.h; path = ViewControllers/NUListUsersViewController.h; sourceTree = "<group>"; };
		36E1492C1C957DC000540B0C /* NUListUsersViewController.m */ = {isa = PBXFileReference; fileEncoding = 4; lastKnownFileType = sourcecode.c.objc; name = NUListUsersViewController.m; path = ViewControllers/NUListUsersViewController.m; sourceTree = "<group>"; };
		36E149301C95989800540B0C /* NUUserViewCell.h */ = {isa = PBXFileReference; fileEncoding = 4; lastKnownFileType = sourcecode.c.h; name = NUUserViewCell.h; path = Views/NUUserViewCell.h; sourceTree = "<group>"; };
		36E149311C95989800540B0C /* NUUserViewCell.m */ = {isa = PBXFileReference; fileEncoding = 4; lastKnownFileType = sourcecode.c.objc; name = NUUserViewCell.m; path = Views/NUUserViewCell.m; sourceTree = "<group>"; };
		36E149321C95989800540B0C /* NUUserViewCell.xib */ = {isa = PBXFileReference; fileEncoding = 4; lastKnownFileType = file.xib; name = NUUserViewCell.xib; path = Views/NUUserViewCell.xib; sourceTree = "<group>"; };
		36E149361C9599C200540B0C /* NUUserViewModel.h */ = {isa = PBXFileReference; fileEncoding = 4; lastKnownFileType = sourcecode.c.h; name = NUUserViewModel.h; path = ViewModels/NUUserViewModel.h; sourceTree = "<group>"; };
		36E149371C9599C200540B0C /* NUUserViewModel.m */ = {isa = PBXFileReference; fileEncoding = 4; lastKnownFileType = sourcecode.c.objc; name = NUUserViewModel.m; path = ViewModels/NUUserViewModel.m; sourceTree = "<group>"; };
		36E149391C95A72400540B0C /* CFNetwork.framework */ = {isa = PBXFileReference; lastKnownFileType = wrapper.framework; name = CFNetwork.framework; path = System/Library/Frameworks/CFNetwork.framework; sourceTree = SDKROOT; };
		36E1493B1C95A73000540B0C /* Security.framework */ = {isa = PBXFileReference; lastKnownFileType = wrapper.framework; name = Security.framework; path = System/Library/Frameworks/Security.framework; sourceTree = SDKROOT; };
		36E1498B1C95A9A000540B0C /* libxml2.tbd */ = {isa = PBXFileReference; lastKnownFileType = "sourcecode.text-based-dylib-definition"; name = libxml2.tbd; path = usr/lib/libxml2.tbd; sourceTree = SDKROOT; };
		36E1498E1C95AA1B00540B0C /* NewUnionTest-Bridging-Header.h */ = {isa = PBXFileReference; lastKnownFileType = sourcecode.c.h; path = "NewUnionTest-Bridging-Header.h"; sourceTree = "<group>"; };
		36E149911C95AA1C00540B0C /* DDXML.h */ = {isa = PBXFileReference; fileEncoding = 4; lastKnownFileType = sourcecode.c.h; name = DDXML.h; path = Libraries/KissXML/DDXML.h; sourceTree = "<group>"; };
		36E149931C95AA1C00540B0C /* DDXMLDocument.h */ = {isa = PBXFileReference; fileEncoding = 4; lastKnownFileType = sourcecode.c.h; name = DDXMLDocument.h; path = Libraries/KissXML/DDXMLDocument.h; sourceTree = "<group>"; };
		36E149941C95AA1C00540B0C /* DDXMLDocument.m */ = {isa = PBXFileReference; fileEncoding = 4; lastKnownFileType = sourcecode.c.objc; name = DDXMLDocument.m; path = Libraries/KissXML/DDXMLDocument.m; sourceTree = "<group>"; };
		36E149951C95AA1C00540B0C /* DDXMLElement.h */ = {isa = PBXFileReference; fileEncoding = 4; lastKnownFileType = sourcecode.c.h; name = DDXMLElement.h; path = Libraries/KissXML/DDXMLElement.h; sourceTree = "<group>"; };
		36E149961C95AA1C00540B0C /* DDXMLElement.m */ = {isa = PBXFileReference; fileEncoding = 4; lastKnownFileType = sourcecode.c.objc; name = DDXMLElement.m; path = Libraries/KissXML/DDXMLElement.m; sourceTree = "<group>"; };
		36E149971C95AA1C00540B0C /* DDXMLNode.h */ = {isa = PBXFileReference; fileEncoding = 4; lastKnownFileType = sourcecode.c.h; name = DDXMLNode.h; path = Libraries/KissXML/DDXMLNode.h; sourceTree = "<group>"; };
		36E149981C95AA1C00540B0C /* DDXMLNode.m */ = {isa = PBXFileReference; fileEncoding = 4; lastKnownFileType = sourcecode.c.objc; name = DDXMLNode.m; path = Libraries/KissXML/DDXMLNode.m; sourceTree = "<group>"; };
		36E149A41C95AAA200540B0C /* DDXMLPrivate.h */ = {isa = PBXFileReference; fileEncoding = 4; lastKnownFileType = sourcecode.c.h; name = DDXMLPrivate.h; path = Libraries/KissXML/Private/DDXMLPrivate.h; sourceTree = "<group>"; };
		36E149A51C95AAAF00540B0C /* NSString+DDXML.h */ = {isa = PBXFileReference; fileEncoding = 4; lastKnownFileType = sourcecode.c.h; name = "NSString+DDXML.h"; path = "Libraries/KissXML/Categories/NSString+DDXML.h"; sourceTree = "<group>"; };
		36E149A61C95AAAF00540B0C /* NSString+DDXML.m */ = {isa = PBXFileReference; fileEncoding = 4; lastKnownFileType = sourcecode.c.objc; name = "NSString+DDXML.m"; path = "Libraries/KissXML/Categories/NSString+DDXML.m"; sourceTree = "<group>"; };
		36E149A81C95AAB900540B0C /* DDXMLElementAdditions.h */ = {isa = PBXFileReference; fileEncoding = 4; lastKnownFileType = sourcecode.c.h; name = DDXMLElementAdditions.h; path = Libraries/KissXML/Additions/DDXMLElementAdditions.h; sourceTree = "<group>"; };
		36E149A91C95AAB900540B0C /* DDXMLElementAdditions.m */ = {isa = PBXFileReference; fileEncoding = 4; lastKnownFileType = sourcecode.c.objc; name = DDXMLElementAdditions.m; path = Libraries/KissXML/Additions/DDXMLElementAdditions.m; sourceTree = "<group>"; };
		36E149AC1C95AB7B00540B0C /* build-libidn.sh */ = {isa = PBXFileReference; fileEncoding = 4; lastKnownFileType = text.script.sh; name = "build-libidn.sh"; path = "Libraries/libidn/build-libidn.sh"; sourceTree = "<group>"; };
		36E149AD1C95AB7B00540B0C /* idn-int.h */ = {isa = PBXFileReference; fileEncoding = 4; lastKnownFileType = sourcecode.c.h; name = "idn-int.h"; path = "Libraries/libidn/idn-int.h"; sourceTree = "<group>"; };
		36E149AE1C95AB7B00540B0C /* libidn.a */ = {isa = PBXFileReference; lastKnownFileType = archive.ar; name = libidn.a; path = Libraries/libidn/libidn.a; sourceTree = "<group>"; };
		36E149AF1C95AB7B00540B0C /* stringprep.h */ = {isa = PBXFileReference; fileEncoding = 4; lastKnownFileType = sourcecode.c.h; name = stringprep.h; path = Libraries/libidn/stringprep.h; sourceTree = "<group>"; };
		36E149B21C95ABE300540B0C /* libresolv.tbd */ = {isa = PBXFileReference; lastKnownFileType = "sourcecode.text-based-dylib-definition"; name = libresolv.tbd; path = usr/lib/libresolv.tbd; sourceTree = SDKROOT; };
		36E149B91C95AC3400540B0C /* DDList.h */ = {isa = PBXFileReference; fileEncoding = 4; lastKnownFileType = sourcecode.c.h; name = DDList.h; path = Libraries/xmpp/Utilities/DDList.h; sourceTree = "<group>"; };
		36E149BA1C95AC3400540B0C /* DDList.m */ = {isa = PBXFileReference; fileEncoding = 4; lastKnownFileType = sourcecode.c.objc; name = DDList.m; path = Libraries/xmpp/Utilities/DDList.m; sourceTree = "<group>"; };
		36E149BB1C95AC3400540B0C /* GCDMulticastDelegate.h */ = {isa = PBXFileReference; fileEncoding = 4; lastKnownFileType = sourcecode.c.h; name = GCDMulticastDelegate.h; path = Libraries/xmpp/Utilities/GCDMulticastDelegate.h; sourceTree = "<group>"; };
		36E149BC1C95AC3400540B0C /* GCDMulticastDelegate.m */ = {isa = PBXFileReference; fileEncoding = 4; lastKnownFileType = sourcecode.c.objc; name = GCDMulticastDelegate.m; path = Libraries/xmpp/Utilities/GCDMulticastDelegate.m; sourceTree = "<group>"; };
		36E149BD1C95AC3400540B0C /* RFImageToDataTransformer.h */ = {isa = PBXFileReference; fileEncoding = 4; lastKnownFileType = sourcecode.c.h; name = RFImageToDataTransformer.h; path = Libraries/xmpp/Utilities/RFImageToDataTransformer.h; sourceTree = "<group>"; };
		36E149BE1C95AC3400540B0C /* RFImageToDataTransformer.m */ = {isa = PBXFileReference; fileEncoding = 4; lastKnownFileType = sourcecode.c.objc; name = RFImageToDataTransformer.m; path = Libraries/xmpp/Utilities/RFImageToDataTransformer.m; sourceTree = "<group>"; };
		36E149BF1C95AC3400540B0C /* XMPPIDTracker.h */ = {isa = PBXFileReference; fileEncoding = 4; lastKnownFileType = sourcecode.c.h; name = XMPPIDTracker.h; path = Libraries/xmpp/Utilities/XMPPIDTracker.h; sourceTree = "<group>"; };
		36E149C01C95AC3400540B0C /* XMPPIDTracker.m */ = {isa = PBXFileReference; fileEncoding = 4; lastKnownFileType = sourcecode.c.objc; name = XMPPIDTracker.m; path = Libraries/xmpp/Utilities/XMPPIDTracker.m; sourceTree = "<group>"; };
		36E149C11C95AC3400540B0C /* XMPPSRVResolver.h */ = {isa = PBXFileReference; fileEncoding = 4; lastKnownFileType = sourcecode.c.h; name = XMPPSRVResolver.h; path = Libraries/xmpp/Utilities/XMPPSRVResolver.h; sourceTree = "<group>"; };
		36E149C21C95AC3400540B0C /* XMPPSRVResolver.m */ = {isa = PBXFileReference; fileEncoding = 4; lastKnownFileType = sourcecode.c.objc; name = XMPPSRVResolver.m; path = Libraries/xmpp/Utilities/XMPPSRVResolver.m; sourceTree = "<group>"; };
		36E149C31C95AC3400540B0C /* XMPPStringPrep.h */ = {isa = PBXFileReference; fileEncoding = 4; lastKnownFileType = sourcecode.c.h; name = XMPPStringPrep.h; path = Libraries/xmpp/Utilities/XMPPStringPrep.h; sourceTree = "<group>"; };
		36E149C41C95AC3400540B0C /* XMPPStringPrep.m */ = {isa = PBXFileReference; fileEncoding = 4; lastKnownFileType = sourcecode.c.objc; name = XMPPStringPrep.m; path = Libraries/xmpp/Utilities/XMPPStringPrep.m; sourceTree = "<group>"; };
		36E149C51C95AC3400540B0C /* XMPPTimer.h */ = {isa = PBXFileReference; fileEncoding = 4; lastKnownFileType = sourcecode.c.h; name = XMPPTimer.h; path = Libraries/xmpp/Utilities/XMPPTimer.h; sourceTree = "<group>"; };
		36E149C61C95AC3400540B0C /* XMPPTimer.m */ = {isa = PBXFileReference; fileEncoding = 4; lastKnownFileType = sourcecode.c.objc; name = XMPPTimer.m; path = Libraries/xmpp/Utilities/XMPPTimer.m; sourceTree = "<group>"; };
		36E149CE1C95AC4000540B0C /* NSData+XMPP.h */ = {isa = PBXFileReference; fileEncoding = 4; lastKnownFileType = sourcecode.c.h; name = "NSData+XMPP.h"; path = "Libraries/xmpp/Categories/NSData+XMPP.h"; sourceTree = "<group>"; };
		36E149CF1C95AC4000540B0C /* NSData+XMPP.m */ = {isa = PBXFileReference; fileEncoding = 4; lastKnownFileType = sourcecode.c.objc; name = "NSData+XMPP.m"; path = "Libraries/xmpp/Categories/NSData+XMPP.m"; sourceTree = "<group>"; };
		36E149D01C95AC4000540B0C /* NSNumber+XMPP.h */ = {isa = PBXFileReference; fileEncoding = 4; lastKnownFileType = sourcecode.c.h; name = "NSNumber+XMPP.h"; path = "Libraries/xmpp/Categories/NSNumber+XMPP.h"; sourceTree = "<group>"; };
		36E149D11C95AC4000540B0C /* NSNumber+XMPP.m */ = {isa = PBXFileReference; fileEncoding = 4; lastKnownFileType = sourcecode.c.objc; name = "NSNumber+XMPP.m"; path = "Libraries/xmpp/Categories/NSNumber+XMPP.m"; sourceTree = "<group>"; };
		36E149D21C95AC4000540B0C /* NSXMLElement+XMPP.h */ = {isa = PBXFileReference; fileEncoding = 4; lastKnownFileType = sourcecode.c.h; name = "NSXMLElement+XMPP.h"; path = "Libraries/xmpp/Categories/NSXMLElement+XMPP.h"; sourceTree = "<group>"; };
		36E149D31C95AC4000540B0C /* NSXMLElement+XMPP.m */ = {isa = PBXFileReference; fileEncoding = 4; lastKnownFileType = sourcecode.c.objc; name = "NSXMLElement+XMPP.m"; path = "Libraries/xmpp/Categories/NSXMLElement+XMPP.m"; sourceTree = "<group>"; };
		36E149D71C95AC4C00540B0C /* XMPP.h */ = {isa = PBXFileReference; fileEncoding = 4; lastKnownFileType = sourcecode.c.h; name = XMPP.h; path = Libraries/xmpp/Core/XMPP.h; sourceTree = "<group>"; };
		36E149D81C95AC4C00540B0C /* XMPPConstants.h */ = {isa = PBXFileReference; fileEncoding = 4; lastKnownFileType = sourcecode.c.h; name = XMPPConstants.h; path = Libraries/xmpp/Core/XMPPConstants.h; sourceTree = "<group>"; };
		36E149D91C95AC4C00540B0C /* XMPPConstants.m */ = {isa = PBXFileReference; fileEncoding = 4; lastKnownFileType = sourcecode.c.objc; name = XMPPConstants.m; path = Libraries/xmpp/Core/XMPPConstants.m; sourceTree = "<group>"; };
		36E149DA1C95AC4C00540B0C /* XMPPElement.h */ = {isa = PBXFileReference; fileEncoding = 4; lastKnownFileType = sourcecode.c.h; name = XMPPElement.h; path = Libraries/xmpp/Core/XMPPElement.h; sourceTree = "<group>"; };
		36E149DB1C95AC4C00540B0C /* XMPPElement.m */ = {isa = PBXFileReference; fileEncoding = 4; lastKnownFileType = sourcecode.c.objc; name = XMPPElement.m; path = Libraries/xmpp/Core/XMPPElement.m; sourceTree = "<group>"; };
		36E149DC1C95AC4C00540B0C /* XMPPInternal.h */ = {isa = PBXFileReference; fileEncoding = 4; lastKnownFileType = sourcecode.c.h; name = XMPPInternal.h; path = Libraries/xmpp/Core/XMPPInternal.h; sourceTree = "<group>"; };
		36E149DD1C95AC4C00540B0C /* XMPPIQ.h */ = {isa = PBXFileReference; fileEncoding = 4; lastKnownFileType = sourcecode.c.h; name = XMPPIQ.h; path = Libraries/xmpp/Core/XMPPIQ.h; sourceTree = "<group>"; };
		36E149DE1C95AC4C00540B0C /* XMPPIQ.m */ = {isa = PBXFileReference; fileEncoding = 4; lastKnownFileType = sourcecode.c.objc; name = XMPPIQ.m; path = Libraries/xmpp/Core/XMPPIQ.m; sourceTree = "<group>"; };
		36E149DF1C95AC4C00540B0C /* XMPPJID.h */ = {isa = PBXFileReference; fileEncoding = 4; lastKnownFileType = sourcecode.c.h; name = XMPPJID.h; path = Libraries/xmpp/Core/XMPPJID.h; sourceTree = "<group>"; };
		36E149E01C95AC4C00540B0C /* XMPPJID.m */ = {isa = PBXFileReference; fileEncoding = 4; lastKnownFileType = sourcecode.c.objc; name = XMPPJID.m; path = Libraries/xmpp/Core/XMPPJID.m; sourceTree = "<group>"; };
		36E149E11C95AC4C00540B0C /* XMPPLogging.h */ = {isa = PBXFileReference; fileEncoding = 4; lastKnownFileType = sourcecode.c.h; name = XMPPLogging.h; path = Libraries/xmpp/Core/XMPPLogging.h; sourceTree = "<group>"; };
		36E149E21C95AC4C00540B0C /* XMPPMessage.h */ = {isa = PBXFileReference; fileEncoding = 4; lastKnownFileType = sourcecode.c.h; name = XMPPMessage.h; path = Libraries/xmpp/Core/XMPPMessage.h; sourceTree = "<group>"; };
		36E149E31C95AC4C00540B0C /* XMPPMessage.m */ = {isa = PBXFileReference; fileEncoding = 4; lastKnownFileType = sourcecode.c.objc; name = XMPPMessage.m; path = Libraries/xmpp/Core/XMPPMessage.m; sourceTree = "<group>"; };
		36E149E41C95AC4C00540B0C /* XMPPModule.h */ = {isa = PBXFileReference; fileEncoding = 4; lastKnownFileType = sourcecode.c.h; name = XMPPModule.h; path = Libraries/xmpp/Core/XMPPModule.h; sourceTree = "<group>"; };
		36E149E51C95AC4C00540B0C /* XMPPModule.m */ = {isa = PBXFileReference; fileEncoding = 4; lastKnownFileType = sourcecode.c.objc; name = XMPPModule.m; path = Libraries/xmpp/Core/XMPPModule.m; sourceTree = "<group>"; };
		36E149E61C95AC4C00540B0C /* XMPPParser.h */ = {isa = PBXFileReference; fileEncoding = 4; lastKnownFileType = sourcecode.c.h; name = XMPPParser.h; path = Libraries/xmpp/Core/XMPPParser.h; sourceTree = "<group>"; };
		36E149E71C95AC4C00540B0C /* XMPPParser.m */ = {isa = PBXFileReference; fileEncoding = 4; lastKnownFileType = sourcecode.c.objc; name = XMPPParser.m; path = Libraries/xmpp/Core/XMPPParser.m; sourceTree = "<group>"; };
		36E149E81C95AC4C00540B0C /* XMPPPresence.h */ = {isa = PBXFileReference; fileEncoding = 4; lastKnownFileType = sourcecode.c.h; name = XMPPPresence.h; path = Libraries/xmpp/Core/XMPPPresence.h; sourceTree = "<group>"; };
		36E149E91C95AC4C00540B0C /* XMPPPresence.m */ = {isa = PBXFileReference; fileEncoding = 4; lastKnownFileType = sourcecode.c.objc; name = XMPPPresence.m; path = Libraries/xmpp/Core/XMPPPresence.m; sourceTree = "<group>"; };
		36E149EA1C95AC4C00540B0C /* XMPPStream.h */ = {isa = PBXFileReference; fileEncoding = 4; lastKnownFileType = sourcecode.c.h; name = XMPPStream.h; path = Libraries/xmpp/Core/XMPPStream.h; sourceTree = "<group>"; };
		36E149EB1C95AC4C00540B0C /* XMPPStream.m */ = {isa = PBXFileReference; fileEncoding = 4; lastKnownFileType = sourcecode.c.objc; name = XMPPStream.m; path = Libraries/xmpp/Core/XMPPStream.m; sourceTree = "<group>"; };
		36E149F51C95AC5F00540B0C /* XMPPCustomBinding.h */ = {isa = PBXFileReference; fileEncoding = 4; lastKnownFileType = sourcecode.c.h; name = XMPPCustomBinding.h; path = Libraries/xmpp/Authentication/XMPPCustomBinding.h; sourceTree = "<group>"; };
		36E149F61C95AC5F00540B0C /* XMPPSASLAuthentication.h */ = {isa = PBXFileReference; fileEncoding = 4; lastKnownFileType = sourcecode.c.h; name = XMPPSASLAuthentication.h; path = Libraries/xmpp/Authentication/XMPPSASLAuthentication.h; sourceTree = "<group>"; };
		36E149FF1C95ACB400540B0C /* XMPPXOAuth2Google.h */ = {isa = PBXFileReference; fileEncoding = 4; lastKnownFileType = sourcecode.c.h; name = XMPPXOAuth2Google.h; path = "Libraries/xmpp/Authentication/X-OAuth2-Google/XMPPXOAuth2Google.h"; sourceTree = "<group>"; };
		36E14A001C95ACB400540B0C /* XMPPXOAuth2Google.m */ = {isa = PBXFileReference; fileEncoding = 4; lastKnownFileType = sourcecode.c.objc; name = XMPPXOAuth2Google.m; path = "Libraries/xmpp/Authentication/X-OAuth2-Google/XMPPXOAuth2Google.m"; sourceTree = "<group>"; };
		36E14A021C95ACC000540B0C /* XMPPXFacebookPlatformAuthentication.h */ = {isa = PBXFileReference; fileEncoding = 4; lastKnownFileType = sourcecode.c.h; name = XMPPXFacebookPlatformAuthentication.h; path = "Libraries/xmpp/Authentication/X-Facebook-Platform/XMPPXFacebookPlatformAuthentication.h"; sourceTree = "<group>"; };
		36E14A031C95ACC000540B0C /* XMPPXFacebookPlatformAuthentication.m */ = {isa = PBXFileReference; fileEncoding = 4; lastKnownFileType = sourcecode.c.objc; name = XMPPXFacebookPlatformAuthentication.m; path = "Libraries/xmpp/Authentication/X-Facebook-Platform/XMPPXFacebookPlatformAuthentication.m"; sourceTree = "<group>"; };
		36E14A051C95ACCF00540B0C /* XMPPSCRAMSHA1Authentication.h */ = {isa = PBXFileReference; fileEncoding = 4; lastKnownFileType = sourcecode.c.h; name = XMPPSCRAMSHA1Authentication.h; path = "Libraries/xmpp/Authentication/SCRAM-SHA-1/XMPPSCRAMSHA1Authentication.h"; sourceTree = "<group>"; };
		36E14A061C95ACCF00540B0C /* XMPPSCRAMSHA1Authentication.m */ = {isa = PBXFileReference; fileEncoding = 4; lastKnownFileType = sourcecode.c.objc; name = XMPPSCRAMSHA1Authentication.m; path = "Libraries/xmpp/Authentication/SCRAM-SHA-1/XMPPSCRAMSHA1Authentication.m"; sourceTree = "<group>"; };
		36E14A081C95ACDA00540B0C /* XMPPPlainAuthentication.h */ = {isa = PBXFileReference; fileEncoding = 4; lastKnownFileType = sourcecode.c.h; name = XMPPPlainAuthentication.h; path = Libraries/xmpp/Authentication/Plain/XMPPPlainAuthentication.h; sourceTree = "<group>"; };
		36E14A091C95ACDA00540B0C /* XMPPPlainAuthentication.m */ = {isa = PBXFileReference; fileEncoding = 4; lastKnownFileType = sourcecode.c.objc; name = XMPPPlainAuthentication.m; path = Libraries/xmpp/Authentication/Plain/XMPPPlainAuthentication.m; sourceTree = "<group>"; };
		36E14A0B1C95ACE900540B0C /* XMPPDigestMD5Authentication.h */ = {isa = PBXFileReference; fileEncoding = 4; lastKnownFileType = sourcecode.c.h; name = XMPPDigestMD5Authentication.h; path = "Libraries/xmpp/Authentication/Digest-MD5/XMPPDigestMD5Authentication.h"; sourceTree = "<group>"; };
		36E14A0C1C95ACE900540B0C /* XMPPDigestMD5Authentication.m */ = {isa = PBXFileReference; fileEncoding = 4; lastKnownFileType = sourcecode.c.objc; name = XMPPDigestMD5Authentication.m; path = "Libraries/xmpp/Authentication/Digest-MD5/XMPPDigestMD5Authentication.m"; sourceTree = "<group>"; };
		36E14A0E1C95ACF400540B0C /* XMPPDeprecatedPlainAuthentication.h */ = {isa = PBXFileReference; fileEncoding = 4; lastKnownFileType = sourcecode.c.h; name = XMPPDeprecatedPlainAuthentication.h; path = "Libraries/xmpp/Authentication/Deprecated-Plain/XMPPDeprecatedPlainAuthentication.h"; sourceTree = "<group>"; };
		36E14A0F1C95ACF400540B0C /* XMPPDeprecatedPlainAuthentication.m */ = {isa = PBXFileReference; fileEncoding = 4; lastKnownFileType = sourcecode.c.objc; name = XMPPDeprecatedPlainAuthentication.m; path = "Libraries/xmpp/Authentication/Deprecated-Plain/XMPPDeprecatedPlainAuthentication.m"; sourceTree = "<group>"; };
		36E14A111C95AD0200540B0C /* XMPPDeprecatedDigestAuthentication.h */ = {isa = PBXFileReference; fileEncoding = 4; lastKnownFileType = sourcecode.c.h; name = XMPPDeprecatedDigestAuthentication.h; path = "Libraries/xmpp/Authentication/Deprecated-Digest/XMPPDeprecatedDigestAuthentication.h"; sourceTree = "<group>"; };
		36E14A121C95AD0200540B0C /* XMPPDeprecatedDigestAuthentication.m */ = {isa = PBXFileReference; fileEncoding = 4; lastKnownFileType = sourcecode.c.objc; name = XMPPDeprecatedDigestAuthentication.m; path = "Libraries/xmpp/Authentication/Deprecated-Digest/XMPPDeprecatedDigestAuthentication.m"; sourceTree = "<group>"; };
		36E14A141C95AD0E00540B0C /* XMPPAnonymousAuthentication.h */ = {isa = PBXFileReference; fileEncoding = 4; lastKnownFileType = sourcecode.c.h; name = XMPPAnonymousAuthentication.h; path = Libraries/xmpp/Authentication/Anonymous/XMPPAnonymousAuthentication.h; sourceTree = "<group>"; };
		36E14A151C95AD0E00540B0C /* XMPPAnonymousAuthentication.m */ = {isa = PBXFileReference; fileEncoding = 4; lastKnownFileType = sourcecode.c.objc; name = XMPPAnonymousAuthentication.m; path = Libraries/xmpp/Authentication/Anonymous/XMPPAnonymousAuthentication.m; sourceTree = "<group>"; };
		5160C03B8CE253FBB553AF20 /* Pods-NewUnionTest.debug.xcconfig */ = {isa = PBXFileReference; includeInIndex = 1; lastKnownFileType = text.xcconfig; name = "Pods-NewUnionTest.debug.xcconfig"; path = "Pods/Target Support Files/Pods-NewUnionTest/Pods-NewUnionTest.debug.xcconfig"; sourceTree = "<group>"; };
		64D5E28E4E274784F417C9C3 /* libPods-NewUnionTest.a */ = {isa = PBXFileReference; explicitFileType = archive.ar; includeInIndex = 0; path = "libPods-NewUnionTest.a"; sourceTree = BUILT_PRODUCTS_DIR; };
		A0A3951B8296A864CAF6837F /* Pods-NewUnionTest.release.xcconfig */ = {isa = PBXFileReference; includeInIndex = 1; lastKnownFileType = text.xcconfig; name = "Pods-NewUnionTest.release.xcconfig"; path = "Pods/Target Support Files/Pods-NewUnionTest/Pods-NewUnionTest.release.xcconfig"; sourceTree = "<group>"; };
/* End PBXFileReference section */

/* Begin PBXFrameworksBuildPhase section */
		36539BC21C93E441007B43D0 /* Frameworks */ = {
			isa = PBXFrameworksBuildPhase;
			buildActionMask = 2147483647;
			files = (
				36E149B31C95ABE300540B0C /* libresolv.tbd in Frameworks */,
				36E1498C1C95A9A000540B0C /* libxml2.tbd in Frameworks */,
				36E1493C1C95A73000540B0C /* Security.framework in Frameworks */,
				36E1493A1C95A72400540B0C /* CFNetwork.framework in Frameworks */,
				36E149B11C95AB7B00540B0C /* libidn.a in Frameworks */,
				368788B71C945AE200F21F54 /* Foundation.framework in Frameworks */,
				368788B51C945ADA00F21F54 /* UIKit.framework in Frameworks */,
				640CD692AD9BB0033D2A6140 /* libPods-NewUnionTest.a in Frameworks */,
			);
			runOnlyForDeploymentPostprocessing = 0;
		};
		36539BDB1C93E442007B43D0 /* Frameworks */ = {
			isa = PBXFrameworksBuildPhase;
			buildActionMask = 2147483647;
			files = (
			);
			runOnlyForDeploymentPostprocessing = 0;
		};
		36539BE61C93E442007B43D0 /* Frameworks */ = {
			isa = PBXFrameworksBuildPhase;
			buildActionMask = 2147483647;
			files = (
			);
			runOnlyForDeploymentPostprocessing = 0;
		};
/* End PBXFrameworksBuildPhase section */

/* Begin PBXGroup section */
		36539BBC1C93E441007B43D0 = {
			isa = PBXGroup;
			children = (
				368788B81C945AE800F21F54 /* Frameworks */,
				36539BC71C93E441007B43D0 /* NewUnionTest */,
				36539BE11C93E442007B43D0 /* NewUnionTestTests */,
				36539BEC1C93E442007B43D0 /* NewUnionTestUITests */,
				36539BC61C93E441007B43D0 /* Products */,
				BC6035A90376301E6C674FCB /* Pods */,
			);
			sourceTree = "<group>";
		};
		36539BC61C93E441007B43D0 /* Products */ = {
			isa = PBXGroup;
			children = (
				36539BC51C93E441007B43D0 /* NewUnionTest.app */,
				36539BDE1C93E442007B43D0 /* NewUnionTestTests.xctest */,
				36539BE91C93E442007B43D0 /* NewUnionTestUITests.xctest */,
			);
			name = Products;
			sourceTree = "<group>";
		};
		36539BC71C93E441007B43D0 /* NewUnionTest */ = {
			isa = PBXGroup;
			children = (
				36E149351C9598A100540B0C /* Views */,
				36539BFE1C93EC4F007B43D0 /* Utils */,
				36539C021C93EC85007B43D0 /* Connections */,
				36539C0C1C93EE92007B43D0 /* ViewControllers */,
				36E149121C953C6F00540B0C /* Models */,
				36E149161C953D1400540B0C /* Libraries */,
				36539BCB1C93E441007B43D0 /* AppDelegate.h */,
				36539BCC1C93E441007B43D0 /* AppDelegate.m */,
				36539BCE1C93E441007B43D0 /* ViewController.h */,
				36539BCF1C93E441007B43D0 /* ViewController.m */,
				36539BD11C93E441007B43D0 /* Main.storyboard */,
				36539BD41C93E442007B43D0 /* Assets.xcassets */,
				36539BD61C93E442007B43D0 /* LaunchScreen.storyboard */,
				36539BD91C93E442007B43D0 /* Info.plist */,
				36539BC81C93E441007B43D0 /* Supporting Files */,
				36E149361C9599C200540B0C /* NUUserViewModel.h */,
				36E149371C9599C200540B0C /* NUUserViewModel.m */,
			);
			path = NewUnionTest;
			sourceTree = "<group>";
		};
		36539BC81C93E441007B43D0 /* Supporting Files */ = {
			isa = PBXGroup;
			children = (
				36539BC91C93E441007B43D0 /* main.m */,
				36E1490B1C9514C900540B0C /* NewUnionTest-Prefix.pch */,
			);
			name = "Supporting Files";
			sourceTree = "<group>";
		};
		36539BE11C93E442007B43D0 /* NewUnionTestTests */ = {
			isa = PBXGroup;
			children = (
				36539BE21C93E442007B43D0 /* NewUnionTestTests.m */,
				36539BE41C93E442007B43D0 /* Info.plist */,
			);
			path = NewUnionTestTests;
			sourceTree = "<group>";
		};
		36539BEC1C93E442007B43D0 /* NewUnionTestUITests */ = {
			isa = PBXGroup;
			children = (
				36539BED1C93E442007B43D0 /* NewUnionTestUITests.m */,
				36539BEF1C93E442007B43D0 /* Info.plist */,
			);
			path = NewUnionTestUITests;
			sourceTree = "<group>";
		};
		36539BFE1C93EC4F007B43D0 /* Utils */ = {
			isa = PBXGroup;
			children = (
				36539BFB1C93EC44007B43D0 /* NUUtils.h */,
				36539BFC1C93EC44007B43D0 /* NUUtils.m */,
				368788B31C9459AF00F21F54 /* NUConstants.h */,
				36E1490C1C95191F00540B0C /* NSString+Utils.h */,
				36E1490D1C95191F00540B0C /* NSString+Utils.m */,
				36E149171C953FAB00540B0C /* NSDictionary+NotNullValue.h */,
				36E149181C953FAB00540B0C /* NSDictionary+NotNullValue.m */,
			);
			name = Utils;
			sourceTree = "<group>";
		};
		36539C021C93EC85007B43D0 /* Connections */ = {
			isa = PBXGroup;
			children = (
				36539C031C93EC97007B43D0 /* Reachability.h */,
				36539C041C93EC97007B43D0 /* Reachability.m */,
				36539BFF1C93EC7B007B43D0 /* NUConnectionBase.h */,
				36539C001C93EC7B007B43D0 /* NUConnectionBase.m */,
				36539C061C93EE43007B43D0 /* NUAPI.h */,
				36539C071C93EE43007B43D0 /* NUAPI.m */,
				36539C1C1C93EF3D007B43D0 /* SubApis */,
			);
			name = Connections;
			sourceTree = "<group>";
		};
		36539C0C1C93EE92007B43D0 /* ViewControllers */ = {
			isa = PBXGroup;
			children = (
				36E1491E1C95721200540B0C /* NUCommonViewController.h */,
				36E1491F1C95721200540B0C /* NUCommonViewController.m */,
				36E149211C957D3100540B0C /* NULoginViewController.h */,
				36E149221C957D3100540B0C /* NULoginViewController.m */,
				36E149261C957D8F00540B0C /* NURegisterViewController.h */,
				36E149271C957D8F00540B0C /* NURegisterViewController.m */,
				36E1492B1C957DC000540B0C /* NUListUsersViewController.h */,
				36E1492C1C957DC000540B0C /* NUListUsersViewController.m */,
			);
			name = ViewControllers;
			sourceTree = "<group>";
		};
		36539C1C1C93EF3D007B43D0 /* SubApis */ = {
			isa = PBXGroup;
			children = (
				36539C131C93EF02007B43D0 /* NUAPI+Login.h */,
				36539C141C93EF02007B43D0 /* NUAPI+Login.m */,
				36539C161C93EF1E007B43D0 /* NUAPI+CreateUser.h */,
				36539C171C93EF1E007B43D0 /* NUAPI+CreateUser.m */,
				36539C191C93EF35007B43D0 /* NUAPI+ListUser.h */,
				36539C1A1C93EF35007B43D0 /* NUAPI+ListUser.m */,
			);
			name = SubApis;
			sourceTree = "<group>";
		};
		368788B81C945AE800F21F54 /* Frameworks */ = {
			isa = PBXGroup;
			children = (
				36E149B21C95ABE300540B0C /* libresolv.tbd */,
				36E1498B1C95A9A000540B0C /* libxml2.tbd */,
				36E1493B1C95A73000540B0C /* Security.framework */,
				36E149391C95A72400540B0C /* CFNetwork.framework */,
				368788B61C945AE200F21F54 /* Foundation.framework */,
				368788B41C945ADA00F21F54 /* UIKit.framework */,
				64D5E28E4E274784F417C9C3 /* libPods-NewUnionTest.a */,
			);
			name = Frameworks;
			sourceTree = "<group>";
		};
		36E149121C953C6F00540B0C /* Models */ = {
			isa = PBXGroup;
			children = (
				36E1490F1C9536AC00540B0C /* NUUser.h */,
				36E149101C9536AC00540B0C /* NUUser.m */,
			);
			name = Models;
			sourceTree = "<group>";
		};
		36E149161C953D1400540B0C /* Libraries */ = {
			isa = PBXGroup;
			children = (
				36E149B41C95ABF600540B0C /* xmpp */,
				36E149AB1C95AB7100540B0C /* libidn */,
				36E1498D1C95A9FD00540B0C /* KISSXML */,
				36E1491A1C95716200540B0C /* MBProgressHUD */,
				36E149131C953D1000540B0C /* JGAFImageCache.h */,
				36E149141C953D1000540B0C /* JGAFImageCache.m */,
			);
			name = Libraries;
			sourceTree = "<group>";
		};
		36E1491A1C95716200540B0C /* MBProgressHUD */ = {
			isa = PBXGroup;
			children = (
				36E1491B1C95716E00540B0C /* MBProgressHUD.h */,
				36E1491C1C95716E00540B0C /* MBProgressHUD.m */,
			);
			name = MBProgressHUD;
			sourceTree = "<group>";
		};
		36E149351C9598A100540B0C /* Views */ = {
			isa = PBXGroup;
			children = (
				36E149301C95989800540B0C /* NUUserViewCell.h */,
				36E149311C95989800540B0C /* NUUserViewCell.m */,
				36E149321C95989800540B0C /* NUUserViewCell.xib */,
			);
			name = Views;
			sourceTree = "<group>";
		};
		36E1498D1C95A9FD00540B0C /* KISSXML */ = {
			isa = PBXGroup;
			children = (
				36E149A31C95AA8E00540B0C /* Private */,
				36E149A21C95AA8300540B0C /* Categories */,
				36E149A11C95AA7D00540B0C /* Additions */,
				36E149911C95AA1C00540B0C /* DDXML.h */,
				36E149931C95AA1C00540B0C /* DDXMLDocument.h */,
				36E149941C95AA1C00540B0C /* DDXMLDocument.m */,
				36E149951C95AA1C00540B0C /* DDXMLElement.h */,
				36E149961C95AA1C00540B0C /* DDXMLElement.m */,
				36E149971C95AA1C00540B0C /* DDXMLNode.h */,
				36E149981C95AA1C00540B0C /* DDXMLNode.m */,
				36E1498E1C95AA1B00540B0C /* NewUnionTest-Bridging-Header.h */,
			);
			name = KISSXML;
			sourceTree = "<group>";
		};
		36E149A11C95AA7D00540B0C /* Additions */ = {
			isa = PBXGroup;
			children = (
				36E149A81C95AAB900540B0C /* DDXMLElementAdditions.h */,
				36E149A91C95AAB900540B0C /* DDXMLElementAdditions.m */,
			);
			name = Additions;
			sourceTree = "<group>";
		};
		36E149A21C95AA8300540B0C /* Categories */ = {
			isa = PBXGroup;
			children = (
				36E149A51C95AAAF00540B0C /* NSString+DDXML.h */,
				36E149A61C95AAAF00540B0C /* NSString+DDXML.m */,
			);
			name = Categories;
			sourceTree = "<group>";
		};
		36E149A31C95AA8E00540B0C /* Private */ = {
			isa = PBXGroup;
			children = (
				36E149A41C95AAA200540B0C /* DDXMLPrivate.h */,
			);
			name = Private;
			sourceTree = "<group>";
		};
		36E149AB1C95AB7100540B0C /* libidn */ = {
			isa = PBXGroup;
			children = (
				36E149AC1C95AB7B00540B0C /* build-libidn.sh */,
				36E149AD1C95AB7B00540B0C /* idn-int.h */,
				36E149AE1C95AB7B00540B0C /* libidn.a */,
				36E149AF1C95AB7B00540B0C /* stringprep.h */,
			);
			name = libidn;
			sourceTree = "<group>";
		};
		36E149B41C95ABF600540B0C /* xmpp */ = {
			isa = PBXGroup;
			children = (
				36E149B81C95AC1800540B0C /* Utilities */,
				36E149B71C95AC1100540B0C /* Categories */,
				36E149B61C95AC0700540B0C /* Core */,
				36E149B51C95ABFB00540B0C /* Authentication */,
			);
			name = xmpp;
			sourceTree = "<group>";
		};
		36E149B51C95ABFB00540B0C /* Authentication */ = {
			isa = PBXGroup;
			children = (
				36E149FE1C95ACA500540B0C /* X-OAuth2-Google */,
				36E149FD1C95AC9A00540B0C /* X-Facebook-Platform */,
				36E149FC1C95AC9200540B0C /* SCRAM-SHA-1 */,
				36E149FB1C95AC8800540B0C /* Plain */,
				36E149FA1C95AC8100540B0C /* Digest-MD5 */,
				36E149F91C95AC7A00540B0C /* Deprecated-Plain */,
				36E149F81C95AC7500540B0C /* Deprecated-Digest */,
				36E149F71C95AC6C00540B0C /* Anonymous */,
				36E149F51C95AC5F00540B0C /* XMPPCustomBinding.h */,
				36E149F61C95AC5F00540B0C /* XMPPSASLAuthentication.h */,
			);
			name = Authentication;
			sourceTree = "<group>";
		};
		36E149B61C95AC0700540B0C /* Core */ = {
			isa = PBXGroup;
			children = (
				36E149D71C95AC4C00540B0C /* XMPP.h */,
				36E149D81C95AC4C00540B0C /* XMPPConstants.h */,
				36E149D91C95AC4C00540B0C /* XMPPConstants.m */,
				36E149DA1C95AC4C00540B0C /* XMPPElement.h */,
				36E149DB1C95AC4C00540B0C /* XMPPElement.m */,
				36E149DC1C95AC4C00540B0C /* XMPPInternal.h */,
				36E149DD1C95AC4C00540B0C /* XMPPIQ.h */,
				36E149DE1C95AC4C00540B0C /* XMPPIQ.m */,
				36E149DF1C95AC4C00540B0C /* XMPPJID.h */,
				36E149E01C95AC4C00540B0C /* XMPPJID.m */,
				36E149E11C95AC4C00540B0C /* XMPPLogging.h */,
				36E149E21C95AC4C00540B0C /* XMPPMessage.h */,
				36E149E31C95AC4C00540B0C /* XMPPMessage.m */,
				36E149E41C95AC4C00540B0C /* XMPPModule.h */,
				36E149E51C95AC4C00540B0C /* XMPPModule.m */,
				36E149E61C95AC4C00540B0C /* XMPPParser.h */,
				36E149E71C95AC4C00540B0C /* XMPPParser.m */,
				36E149E81C95AC4C00540B0C /* XMPPPresence.h */,
				36E149E91C95AC4C00540B0C /* XMPPPresence.m */,
				36E149EA1C95AC4C00540B0C /* XMPPStream.h */,
				36E149EB1C95AC4C00540B0C /* XMPPStream.m */,
			);
			name = Core;
			sourceTree = "<group>";
		};
		36E149B71C95AC1100540B0C /* Categories */ = {
			isa = PBXGroup;
			children = (
				36E149CE1C95AC4000540B0C /* NSData+XMPP.h */,
				36E149CF1C95AC4000540B0C /* NSData+XMPP.m */,
				36E149D01C95AC4000540B0C /* NSNumber+XMPP.h */,
				36E149D11C95AC4000540B0C /* NSNumber+XMPP.m */,
				36E149D21C95AC4000540B0C /* NSXMLElement+XMPP.h */,
				36E149D31C95AC4000540B0C /* NSXMLElement+XMPP.m */,
			);
			name = Categories;
			sourceTree = "<group>";
		};
		36E149B81C95AC1800540B0C /* Utilities */ = {
			isa = PBXGroup;
			children = (
				36E149B91C95AC3400540B0C /* DDList.h */,
				36E149BA1C95AC3400540B0C /* DDList.m */,
				36E149BB1C95AC3400540B0C /* GCDMulticastDelegate.h */,
				36E149BC1C95AC3400540B0C /* GCDMulticastDelegate.m */,
				36E149BD1C95AC3400540B0C /* RFImageToDataTransformer.h */,
				36E149BE1C95AC3400540B0C /* RFImageToDataTransformer.m */,
				36E149BF1C95AC3400540B0C /* XMPPIDTracker.h */,
				36E149C01C95AC3400540B0C /* XMPPIDTracker.m */,
				36E149C11C95AC3400540B0C /* XMPPSRVResolver.h */,
				36E149C21C95AC3400540B0C /* XMPPSRVResolver.m */,
				36E149C31C95AC3400540B0C /* XMPPStringPrep.h */,
				36E149C41C95AC3400540B0C /* XMPPStringPrep.m */,
				36E149C51C95AC3400540B0C /* XMPPTimer.h */,
				36E149C61C95AC3400540B0C /* XMPPTimer.m */,
			);
			name = Utilities;
			sourceTree = "<group>";
		};
		36E149F71C95AC6C00540B0C /* Anonymous */ = {
			isa = PBXGroup;
			children = (
				36E14A141C95AD0E00540B0C /* XMPPAnonymousAuthentication.h */,
				36E14A151C95AD0E00540B0C /* XMPPAnonymousAuthentication.m */,
			);
			name = Anonymous;
			sourceTree = "<group>";
		};
		36E149F81C95AC7500540B0C /* Deprecated-Digest */ = {
			isa = PBXGroup;
			children = (
				36E14A111C95AD0200540B0C /* XMPPDeprecatedDigestAuthentication.h */,
				36E14A121C95AD0200540B0C /* XMPPDeprecatedDigestAuthentication.m */,
			);
			name = "Deprecated-Digest";
			sourceTree = "<group>";
		};
		36E149F91C95AC7A00540B0C /* Deprecated-Plain */ = {
			isa = PBXGroup;
			children = (
				36E14A0E1C95ACF400540B0C /* XMPPDeprecatedPlainAuthentication.h */,
				36E14A0F1C95ACF400540B0C /* XMPPDeprecatedPlainAuthentication.m */,
			);
			name = "Deprecated-Plain";
			sourceTree = "<group>";
		};
		36E149FA1C95AC8100540B0C /* Digest-MD5 */ = {
			isa = PBXGroup;
			children = (
				36E14A0B1C95ACE900540B0C /* XMPPDigestMD5Authentication.h */,
				36E14A0C1C95ACE900540B0C /* XMPPDigestMD5Authentication.m */,
			);
			name = "Digest-MD5";
			sourceTree = "<group>";
		};
		36E149FB1C95AC8800540B0C /* Plain */ = {
			isa = PBXGroup;
			children = (
				36E14A081C95ACDA00540B0C /* XMPPPlainAuthentication.h */,
				36E14A091C95ACDA00540B0C /* XMPPPlainAuthentication.m */,
			);
			name = Plain;
			sourceTree = "<group>";
		};
		36E149FC1C95AC9200540B0C /* SCRAM-SHA-1 */ = {
			isa = PBXGroup;
			children = (
				36E14A051C95ACCF00540B0C /* XMPPSCRAMSHA1Authentication.h */,
				36E14A061C95ACCF00540B0C /* XMPPSCRAMSHA1Authentication.m */,
			);
			name = "SCRAM-SHA-1";
			sourceTree = "<group>";
		};
		36E149FD1C95AC9A00540B0C /* X-Facebook-Platform */ = {
			isa = PBXGroup;
			children = (
				36E14A021C95ACC000540B0C /* XMPPXFacebookPlatformAuthentication.h */,
				36E14A031C95ACC000540B0C /* XMPPXFacebookPlatformAuthentication.m */,
			);
			name = "X-Facebook-Platform";
			sourceTree = "<group>";
		};
		36E149FE1C95ACA500540B0C /* X-OAuth2-Google */ = {
			isa = PBXGroup;
			children = (
				36E149FF1C95ACB400540B0C /* XMPPXOAuth2Google.h */,
				36E14A001C95ACB400540B0C /* XMPPXOAuth2Google.m */,
			);
			name = "X-OAuth2-Google";
			sourceTree = "<group>";
		};
		BC6035A90376301E6C674FCB /* Pods */ = {
			isa = PBXGroup;
			children = (
				5160C03B8CE253FBB553AF20 /* Pods-NewUnionTest.debug.xcconfig */,
				A0A3951B8296A864CAF6837F /* Pods-NewUnionTest.release.xcconfig */,
			);
			name = Pods;
			sourceTree = "<group>";
		};
/* End PBXGroup section */

/* Begin PBXNativeTarget section */
		36539BC41C93E441007B43D0 /* NewUnionTest */ = {
			isa = PBXNativeTarget;
			buildConfigurationList = 36539BF21C93E442007B43D0 /* Build configuration list for PBXNativeTarget "NewUnionTest" */;
			buildPhases = (
				34933561C466D3D55499299D /* Check Pods Manifest.lock */,
				36539BC11C93E441007B43D0 /* Sources */,
				36539BC21C93E441007B43D0 /* Frameworks */,
				36539BC31C93E441007B43D0 /* Resources */,
				34AF8D4D258C76E9B63F491A /* Embed Pods Frameworks */,
				A4A4DADA678E0FCD859763D2 /* Copy Pods Resources */,
			);
			buildRules = (
			);
			dependencies = (
			);
			name = NewUnionTest;
			productName = NewUnionTest;
			productReference = 36539BC51C93E441007B43D0 /* NewUnionTest.app */;
			productType = "com.apple.product-type.application";
		};
		36539BDD1C93E442007B43D0 /* NewUnionTestTests */ = {
			isa = PBXNativeTarget;
			buildConfigurationList = 36539BF51C93E442007B43D0 /* Build configuration list for PBXNativeTarget "NewUnionTestTests" */;
			buildPhases = (
				36539BDA1C93E442007B43D0 /* Sources */,
				36539BDB1C93E442007B43D0 /* Frameworks */,
				36539BDC1C93E442007B43D0 /* Resources */,
			);
			buildRules = (
			);
			dependencies = (
				36539BE01C93E442007B43D0 /* PBXTargetDependency */,
			);
			name = NewUnionTestTests;
			productName = NewUnionTestTests;
			productReference = 36539BDE1C93E442007B43D0 /* NewUnionTestTests.xctest */;
			productType = "com.apple.product-type.bundle.unit-test";
		};
		36539BE81C93E442007B43D0 /* NewUnionTestUITests */ = {
			isa = PBXNativeTarget;
			buildConfigurationList = 36539BF81C93E442007B43D0 /* Build configuration list for PBXNativeTarget "NewUnionTestUITests" */;
			buildPhases = (
				36539BE51C93E442007B43D0 /* Sources */,
				36539BE61C93E442007B43D0 /* Frameworks */,
				36539BE71C93E442007B43D0 /* Resources */,
			);
			buildRules = (
			);
			dependencies = (
				36539BEB1C93E442007B43D0 /* PBXTargetDependency */,
			);
			name = NewUnionTestUITests;
			productName = NewUnionTestUITests;
			productReference = 36539BE91C93E442007B43D0 /* NewUnionTestUITests.xctest */;
			productType = "com.apple.product-type.bundle.ui-testing";
		};
/* End PBXNativeTarget section */

/* Begin PBXProject section */
		36539BBD1C93E441007B43D0 /* Project object */ = {
			isa = PBXProject;
			attributes = {
				CLASSPREFIX = NU;
				LastUpgradeCheck = 0720;
				ORGANIZATIONNAME = ThanDang;
				TargetAttributes = {
					36539BC41C93E441007B43D0 = {
						CreatedOnToolsVersion = 7.2.1;
					};
					36539BDD1C93E442007B43D0 = {
						CreatedOnToolsVersion = 7.2.1;
						TestTargetID = 36539BC41C93E441007B43D0;
					};
					36539BE81C93E442007B43D0 = {
						CreatedOnToolsVersion = 7.2.1;
						TestTargetID = 36539BC41C93E441007B43D0;
					};
				};
			};
			buildConfigurationList = 36539BC01C93E441007B43D0 /* Build configuration list for PBXProject "NewUnionTest" */;
			compatibilityVersion = "Xcode 3.2";
			developmentRegion = English;
			hasScannedForEncodings = 0;
			knownRegions = (
				en,
				Base,
			);
			mainGroup = 36539BBC1C93E441007B43D0;
			productRefGroup = 36539BC61C93E441007B43D0 /* Products */;
			projectDirPath = "";
			projectRoot = "";
			targets = (
				36539BC41C93E441007B43D0 /* NewUnionTest */,
				36539BDD1C93E442007B43D0 /* NewUnionTestTests */,
				36539BE81C93E442007B43D0 /* NewUnionTestUITests */,
			);
		};
/* End PBXProject section */

/* Begin PBXResourcesBuildPhase section */
		36539BC31C93E441007B43D0 /* Resources */ = {
			isa = PBXResourcesBuildPhase;
			buildActionMask = 2147483647;
			files = (
				36E149B01C95AB7B00540B0C /* build-libidn.sh in Resources */,
				36539BD81C93E442007B43D0 /* LaunchScreen.storyboard in Resources */,
				36E149341C95989800540B0C /* NUUserViewCell.xib in Resources */,
				36539BD51C93E442007B43D0 /* Assets.xcassets in Resources */,
				36539BD31C93E441007B43D0 /* Main.storyboard in Resources */,
			);
			runOnlyForDeploymentPostprocessing = 0;
		};
		36539BDC1C93E442007B43D0 /* Resources */ = {
			isa = PBXResourcesBuildPhase;
			buildActionMask = 2147483647;
			files = (
			);
			runOnlyForDeploymentPostprocessing = 0;
		};
		36539BE71C93E442007B43D0 /* Resources */ = {
			isa = PBXResourcesBuildPhase;
			buildActionMask = 2147483647;
			files = (
			);
			runOnlyForDeploymentPostprocessing = 0;
		};
/* End PBXResourcesBuildPhase section */

/* Begin PBXShellScriptBuildPhase section */
		34933561C466D3D55499299D /* Check Pods Manifest.lock */ = {
			isa = PBXShellScriptBuildPhase;
			buildActionMask = 2147483647;
			files = (
			);
			inputPaths = (
			);
			name = "Check Pods Manifest.lock";
			outputPaths = (
			);
			runOnlyForDeploymentPostprocessing = 0;
			shellPath = /bin/sh;
			shellScript = "diff \"${PODS_ROOT}/../Podfile.lock\" \"${PODS_ROOT}/Manifest.lock\" > /dev/null\nif [[ $? != 0 ]] ; then\n    cat << EOM\nerror: The sandbox is not in sync with the Podfile.lock. Run 'pod install' or update your CocoaPods installation.\nEOM\n    exit 1\nfi\n";
			showEnvVarsInLog = 0;
		};
		34AF8D4D258C76E9B63F491A /* Embed Pods Frameworks */ = {
			isa = PBXShellScriptBuildPhase;
			buildActionMask = 2147483647;
			files = (
			);
			inputPaths = (
			);
			name = "Embed Pods Frameworks";
			outputPaths = (
			);
			runOnlyForDeploymentPostprocessing = 0;
			shellPath = /bin/sh;
			shellScript = "\"${SRCROOT}/Pods/Target Support Files/Pods-NewUnionTest/Pods-NewUnionTest-frameworks.sh\"\n";
			showEnvVarsInLog = 0;
		};
		A4A4DADA678E0FCD859763D2 /* Copy Pods Resources */ = {
			isa = PBXShellScriptBuildPhase;
			buildActionMask = 2147483647;
			files = (
			);
			inputPaths = (
			);
			name = "Copy Pods Resources";
			outputPaths = (
			);
			runOnlyForDeploymentPostprocessing = 0;
			shellPath = /bin/sh;
			shellScript = "\"${SRCROOT}/Pods/Target Support Files/Pods-NewUnionTest/Pods-NewUnionTest-resources.sh\"\n";
			showEnvVarsInLog = 0;
		};
/* End PBXShellScriptBuildPhase section */

/* Begin PBXSourcesBuildPhase section */
		36539BC11C93E441007B43D0 /* Sources */ = {
			isa = PBXSourcesBuildPhase;
			buildActionMask = 2147483647;
			files = (
				36E149381C9599C200540B0C /* NUUserViewModel.m in Sources */,
				36E149CB1C95AC3400540B0C /* XMPPSRVResolver.m in Sources */,
				36E149331C95989800540B0C /* NUUserViewCell.m in Sources */,
				36E149F01C95AC4C00540B0C /* XMPPMessage.m in Sources */,
				36539C181C93EF1E007B43D0 /* NUAPI+CreateUser.m in Sources */,
				36539BFD1C93EC44007B43D0 /* NUUtils.m in Sources */,
				36E149F21C95AC4C00540B0C /* XMPPParser.m in Sources */,
				36E149D51C95AC4000540B0C /* NSNumber+XMPP.m in Sources */,
				36E149CA1C95AC3400540B0C /* XMPPIDTracker.m in Sources */,
				36E149EC1C95AC4C00540B0C /* XMPPConstants.m in Sources */,
				36E149201C95721200540B0C /* NUCommonViewController.m in Sources */,
				36E149A71C95AAAF00540B0C /* NSString+DDXML.m in Sources */,
				36E149291C957D8F00540B0C /* NURegisterViewController.m in Sources */,
				36E14A041C95ACC000540B0C /* XMPPXFacebookPlatformAuthentication.m in Sources */,
				36E149F11C95AC4C00540B0C /* XMPPModule.m in Sources */,
				36E149D61C95AC4000540B0C /* NSXMLElement+XMPP.m in Sources */,
				36E14A071C95ACCF00540B0C /* XMPPSCRAMSHA1Authentication.m in Sources */,
				36E14A0A1C95ACDA00540B0C /* XMPPPlainAuthentication.m in Sources */,
				36E14A101C95ACF400540B0C /* XMPPDeprecatedPlainAuthentication.m in Sources */,
				36E149C71C95AC3400540B0C /* DDList.m in Sources */,
				36E1490E1C95191F00540B0C /* NSString+Utils.m in Sources */,
				36E149AA1C95AAB900540B0C /* DDXMLElementAdditions.m in Sources */,
				36E149CD1C95AC3400540B0C /* XMPPTimer.m in Sources */,
				36E149F41C95AC4C00540B0C /* XMPPStream.m in Sources */,
				36E149111C9536AC00540B0C /* NUUser.m in Sources */,
				36539BD01C93E441007B43D0 /* ViewController.m in Sources */,
				36E149D41C95AC4000540B0C /* NSData+XMPP.m in Sources */,
				36E149C81C95AC3400540B0C /* GCDMulticastDelegate.m in Sources */,
				36E149241C957D3100540B0C /* NULoginViewController.m in Sources */,
				36E14A131C95AD0200540B0C /* XMPPDeprecatedDigestAuthentication.m in Sources */,
				36E1499F1C95AA1C00540B0C /* DDXMLNode.m in Sources */,
				36539C1B1C93EF35007B43D0 /* NUAPI+ListUser.m in Sources */,
				36E14A011C95ACB400540B0C /* XMPPXOAuth2Google.m in Sources */,
				36539C151C93EF02007B43D0 /* NUAPI+Login.m in Sources */,
				36E149F31C95AC4C00540B0C /* XMPPPresence.m in Sources */,
				36539BCD1C93E441007B43D0 /* AppDelegate.m in Sources */,
				36539C011C93EC7B007B43D0 /* NUConnectionBase.m in Sources */,
				36E149C91C95AC3400540B0C /* RFImageToDataTransformer.m in Sources */,
				36E1499D1C95AA1C00540B0C /* DDXMLDocument.m in Sources */,
				36E149151C953D1000540B0C /* JGAFImageCache.m in Sources */,
				36539C081C93EE43007B43D0 /* NUAPI.m in Sources */,
				36E1491D1C95716E00540B0C /* MBProgressHUD.m in Sources */,
				36E14A161C95AD0E00540B0C /* XMPPAnonymousAuthentication.m in Sources */,
				36539C051C93EC97007B43D0 /* Reachability.m in Sources */,
				36E149EF1C95AC4C00540B0C /* XMPPJID.m in Sources */,
				36E1499E1C95AA1C00540B0C /* DDXMLElement.m in Sources */,
				36E14A0D1C95ACE900540B0C /* XMPPDigestMD5Authentication.m in Sources */,
				36539BCA1C93E441007B43D0 /* main.m in Sources */,
				36E149191C953FAB00540B0C /* NSDictionary+NotNullValue.m in Sources */,
				36E149ED1C95AC4C00540B0C /* XMPPElement.m in Sources */,
				36E149EE1C95AC4C00540B0C /* XMPPIQ.m in Sources */,
				36E149CC1C95AC3400540B0C /* XMPPStringPrep.m in Sources */,
				36E1492E1C957DC000540B0C /* NUListUsersViewController.m in Sources */,
			);
			runOnlyForDeploymentPostprocessing = 0;
		};
		36539BDA1C93E442007B43D0 /* Sources */ = {
			isa = PBXSourcesBuildPhase;
			buildActionMask = 2147483647;
			files = (
				36539BE31C93E442007B43D0 /* NewUnionTestTests.m in Sources */,
			);
			runOnlyForDeploymentPostprocessing = 0;
		};
		36539BE51C93E442007B43D0 /* Sources */ = {
			isa = PBXSourcesBuildPhase;
			buildActionMask = 2147483647;
			files = (
				36539BEE1C93E442007B43D0 /* NewUnionTestUITests.m in Sources */,
			);
			runOnlyForDeploymentPostprocessing = 0;
		};
/* End PBXSourcesBuildPhase section */

/* Begin PBXTargetDependency section */
		36539BE01C93E442007B43D0 /* PBXTargetDependency */ = {
			isa = PBXTargetDependency;
			target = 36539BC41C93E441007B43D0 /* NewUnionTest */;
			targetProxy = 36539BDF1C93E442007B43D0 /* PBXContainerItemProxy */;
		};
		36539BEB1C93E442007B43D0 /* PBXTargetDependency */ = {
			isa = PBXTargetDependency;
			target = 36539BC41C93E441007B43D0 /* NewUnionTest */;
			targetProxy = 36539BEA1C93E442007B43D0 /* PBXContainerItemProxy */;
		};
/* End PBXTargetDependency section */

/* Begin PBXVariantGroup section */
		36539BD11C93E441007B43D0 /* Main.storyboard */ = {
			isa = PBXVariantGroup;
			children = (
				36539BD21C93E441007B43D0 /* Base */,
			);
			name = Main.storyboard;
			sourceTree = "<group>";
		};
		36539BD61C93E442007B43D0 /* LaunchScreen.storyboard */ = {
			isa = PBXVariantGroup;
			children = (
				36539BD71C93E442007B43D0 /* Base */,
			);
			name = LaunchScreen.storyboard;
			sourceTree = "<group>";
		};
/* End PBXVariantGroup section */

/* Begin XCBuildConfiguration section */
		36539BF01C93E442007B43D0 /* Debug */ = {
			isa = XCBuildConfiguration;
			buildSettings = {
				ALWAYS_SEARCH_USER_PATHS = NO;
				CLANG_CXX_LANGUAGE_STANDARD = "gnu++0x";
				CLANG_CXX_LIBRARY = "libc++";
				CLANG_ENABLE_MODULES = YES;
				CLANG_ENABLE_OBJC_ARC = YES;
				CLANG_WARN_BOOL_CONVERSION = YES;
				CLANG_WARN_CONSTANT_CONVERSION = YES;
				CLANG_WARN_DIRECT_OBJC_ISA_USAGE = YES_ERROR;
				CLANG_WARN_EMPTY_BODY = YES;
				CLANG_WARN_ENUM_CONVERSION = YES;
				CLANG_WARN_INT_CONVERSION = YES;
				CLANG_WARN_OBJC_ROOT_CLASS = YES_ERROR;
				CLANG_WARN_UNREACHABLE_CODE = YES;
				CLANG_WARN__DUPLICATE_METHOD_MATCH = YES;
				"CODE_SIGN_IDENTITY[sdk=iphoneos*]" = "iPhone Developer";
				COPY_PHASE_STRIP = NO;
				DEBUG_INFORMATION_FORMAT = dwarf;
				ENABLE_STRICT_OBJC_MSGSEND = YES;
				ENABLE_TESTABILITY = YES;
				GCC_C_LANGUAGE_STANDARD = gnu99;
				GCC_DYNAMIC_NO_PIC = NO;
				GCC_NO_COMMON_BLOCKS = YES;
				GCC_OPTIMIZATION_LEVEL = 0;
				GCC_PREPROCESSOR_DEFINITIONS = (
					"DEBUG=1",
					"$(inherited)",
				);
				GCC_WARN_64_TO_32_BIT_CONVERSION = YES;
				GCC_WARN_ABOUT_RETURN_TYPE = YES_ERROR;
				GCC_WARN_UNDECLARED_SELECTOR = YES;
				GCC_WARN_UNINITIALIZED_AUTOS = YES_AGGRESSIVE;
				GCC_WARN_UNUSED_FUNCTION = YES;
				GCC_WARN_UNUSED_VARIABLE = YES;
				HEADER_SEARCH_PATHS = /usr/include/libxml2;
				IPHONEOS_DEPLOYMENT_TARGET = 9.2;
				MTL_ENABLE_DEBUG_INFO = YES;
				ONLY_ACTIVE_ARCH = YES;
				OTHER_LDFLAGS = "-lxml2";
				SDKROOT = iphoneos;
			};
			name = Debug;
		};
		36539BF11C93E442007B43D0 /* Release */ = {
			isa = XCBuildConfiguration;
			buildSettings = {
				ALWAYS_SEARCH_USER_PATHS = NO;
				CLANG_CXX_LANGUAGE_STANDARD = "gnu++0x";
				CLANG_CXX_LIBRARY = "libc++";
				CLANG_ENABLE_MODULES = YES;
				CLANG_ENABLE_OBJC_ARC = YES;
				CLANG_WARN_BOOL_CONVERSION = YES;
				CLANG_WARN_CONSTANT_CONVERSION = YES;
				CLANG_WARN_DIRECT_OBJC_ISA_USAGE = YES_ERROR;
				CLANG_WARN_EMPTY_BODY = YES;
				CLANG_WARN_ENUM_CONVERSION = YES;
				CLANG_WARN_INT_CONVERSION = YES;
				CLANG_WARN_OBJC_ROOT_CLASS = YES_ERROR;
				CLANG_WARN_UNREACHABLE_CODE = YES;
				CLANG_WARN__DUPLICATE_METHOD_MATCH = YES;
				"CODE_SIGN_IDENTITY[sdk=iphoneos*]" = "iPhone Developer";
				COPY_PHASE_STRIP = NO;
				DEBUG_INFORMATION_FORMAT = "dwarf-with-dsym";
				ENABLE_NS_ASSERTIONS = NO;
				ENABLE_STRICT_OBJC_MSGSEND = YES;
				GCC_C_LANGUAGE_STANDARD = gnu99;
				GCC_NO_COMMON_BLOCKS = YES;
				GCC_WARN_64_TO_32_BIT_CONVERSION = YES;
				GCC_WARN_ABOUT_RETURN_TYPE = YES_ERROR;
				GCC_WARN_UNDECLARED_SELECTOR = YES;
				GCC_WARN_UNINITIALIZED_AUTOS = YES_AGGRESSIVE;
				GCC_WARN_UNUSED_FUNCTION = YES;
				GCC_WARN_UNUSED_VARIABLE = YES;
				HEADER_SEARCH_PATHS = /usr/include/libxml2;
				IPHONEOS_DEPLOYMENT_TARGET = 9.2;
				MTL_ENABLE_DEBUG_INFO = NO;
				OTHER_LDFLAGS = "-lxml2";
				SDKROOT = iphoneos;
				VALIDATE_PRODUCT = YES;
			};
			name = Release;
		};
		36539BF31C93E442007B43D0 /* Debug */ = {
			isa = XCBuildConfiguration;
			baseConfigurationReference = 5160C03B8CE253FBB553AF20 /* Pods-NewUnionTest.debug.xcconfig */;
			buildSettings = {
				ASSETCATALOG_COMPILER_APPICON_NAME = AppIcon;
				CLANG_ENABLE_MODULES = YES;
				GCC_PREFIX_HEADER = "NewUnionTest/NewUnionTest-Prefix.pch";
				INFOPLIST_FILE = NewUnionTest/Info.plist;
				IPHONEOS_DEPLOYMENT_TARGET = 8.0;
				LD_RUNPATH_SEARCH_PATHS = "$(inherited) @executable_path/Frameworks";
				LIBRARY_SEARCH_PATHS = (
					"$(inherited)",
					"$(PROJECT_DIR)/NewUnionTest/Libraries/libidn",
				);
				PRODUCT_BUNDLE_IDENTIFIER = com.thandang.NewUnionTest;
				PRODUCT_NAME = "$(TARGET_NAME)";
				SWIFT_OBJC_BRIDGING_HEADER = "NewUnionTest/NewUnionTest-Bridging-Header.h";
				SWIFT_OPTIMIZATION_LEVEL = "-Onone";
			};
			name = Debug;
		};
		36539BF41C93E442007B43D0 /* Release */ = {
			isa = XCBuildConfiguration;
			baseConfigurationReference = A0A3951B8296A864CAF6837F /* Pods-NewUnionTest.release.xcconfig */;
			buildSettings = {
				ASSETCATALOG_COMPILER_APPICON_NAME = AppIcon;
				CLANG_ENABLE_MODULES = YES;
				GCC_PREFIX_HEADER = "NewUnionTest/NewUnionTest-Prefix.pch";
				INFOPLIST_FILE = NewUnionTest/Info.plist;
				IPHONEOS_DEPLOYMENT_TARGET = 8.0;
				LD_RUNPATH_SEARCH_PATHS = "$(inherited) @executable_path/Frameworks";
				LIBRARY_SEARCH_PATHS = (
					"$(inherited)",
					"$(PROJECT_DIR)/NewUnionTest/Libraries/libidn",
				);
				PRODUCT_BUNDLE_IDENTIFIER = com.thandang.NewUnionTest;
				PRODUCT_NAME = "$(TARGET_NAME)";
				SWIFT_OBJC_BRIDGING_HEADER = "NewUnionTest/NewUnionTest-Bridging-Header.h";
			};
			name = Release;
		};
		36539BF61C93E442007B43D0 /* Debug */ = {
			isa = XCBuildConfiguration;
			buildSettings = {
				BUNDLE_LOADER = "$(TEST_HOST)";
				INFOPLIST_FILE = NewUnionTestTests/Info.plist;
				LD_RUNPATH_SEARCH_PATHS = "$(inherited) @executable_path/Frameworks @loader_path/Frameworks";
				PRODUCT_BUNDLE_IDENTIFIER = com.thandang.NewUnionTestTests;
				PRODUCT_NAME = "$(TARGET_NAME)";
				TEST_HOST = "$(BUILT_PRODUCTS_DIR)/NewUnionTest.app/NewUnionTest";
			};
			name = Debug;
		};
		36539BF71C93E442007B43D0 /* Release */ = {
			isa = XCBuildConfiguration;
			buildSettings = {
				BUNDLE_LOADER = "$(TEST_HOST)";
				INFOPLIST_FILE = NewUnionTestTests/Info.plist;
				LD_RUNPATH_SEARCH_PATHS = "$(inherited) @executable_path/Frameworks @loader_path/Frameworks";
				PRODUCT_BUNDLE_IDENTIFIER = com.thandang.NewUnionTestTests;
				PRODUCT_NAME = "$(TARGET_NAME)";
				TEST_HOST = "$(BUILT_PRODUCTS_DIR)/NewUnionTest.app/NewUnionTest";
			};
			name = Release;
		};
		36539BF91C93E442007B43D0 /* Debug */ = {
			isa = XCBuildConfiguration;
			buildSettings = {
				INFOPLIST_FILE = NewUnionTestUITests/Info.plist;
				LD_RUNPATH_SEARCH_PATHS = "$(inherited) @executable_path/Frameworks @loader_path/Frameworks";
				PRODUCT_BUNDLE_IDENTIFIER = com.thandang.NewUnionTestUITests;
				PRODUCT_NAME = "$(TARGET_NAME)";
				TEST_TARGET_NAME = NewUnionTest;
				USES_XCTRUNNER = YES;
			};
			name = Debug;
		};
		36539BFA1C93E442007B43D0 /* Release */ = {
			isa = XCBuildConfiguration;
			buildSettings = {
				INFOPLIST_FILE = NewUnionTestUITests/Info.plist;
				LD_RUNPATH_SEARCH_PATHS = "$(inherited) @executable_path/Frameworks @loader_path/Frameworks";
				PRODUCT_BUNDLE_IDENTIFIER = com.thandang.NewUnionTestUITests;
				PRODUCT_NAME = "$(TARGET_NAME)";
				TEST_TARGET_NAME = NewUnionTest;
				USES_XCTRUNNER = YES;
			};
			name = Release;
		};
/* End XCBuildConfiguration section */

/* Begin XCConfigurationList section */
		36539BC01C93E441007B43D0 /* Build configuration list for PBXProject "NewUnionTest" */ = {
			isa = XCConfigurationList;
			buildConfigurations = (
				36539BF01C93E442007B43D0 /* Debug */,
				36539BF11C93E442007B43D0 /* Release */,
			);
			defaultConfigurationIsVisible = 0;
			defaultConfigurationName = Release;
		};
		36539BF21C93E442007B43D0 /* Build configuration list for PBXNativeTarget "NewUnionTest" */ = {
			isa = XCConfigurationList;
			buildConfigurations = (
				36539BF31C93E442007B43D0 /* Debug */,
				36539BF41C93E442007B43D0 /* Release */,
			);
			defaultConfigurationIsVisible = 0;
			defaultConfigurationName = Release;
		};
		36539BF51C93E442007B43D0 /* Build configuration list for PBXNativeTarget "NewUnionTestTests" */ = {
			isa = XCConfigurationList;
			buildConfigurations = (
				36539BF61C93E442007B43D0 /* Debug */,
				36539BF71C93E442007B43D0 /* Release */,
			);
			defaultConfigurationIsVisible = 0;
			defaultConfigurationName = Release;
		};
		36539BF81C93E442007B43D0 /* Build configuration list for PBXNativeTarget "NewUnionTestUITests" */ = {
			isa = XCConfigurationList;
			buildConfigurations = (
				36539BF91C93E442007B43D0 /* Debug */,
				36539BFA1C93E442007B43D0 /* Release */,
			);
			defaultConfigurationIsVisible = 0;
			defaultConfigurationName = Release;
		};
/* End XCConfigurationList section */
	};
	rootObject = 36539BBD1C93E441007B43D0 /* Project object */;
}
